// !$*UTF8*$!
{
	archiveVersion = 1;
	classes = {
	};
	objectVersion = 56;
	objects = {

/* Begin PBXBuildFile section */
		AC1E8EE529E98F3800D8A130 /* AppDelegate.swift in Sources */ = {isa = PBXBuildFile; fileRef = AC1E8EE429E98F3800D8A130 /* AppDelegate.swift */; };
		AC1E8EE729E98F3800D8A130 /* SceneDelegate.swift in Sources */ = {isa = PBXBuildFile; fileRef = AC1E8EE629E98F3800D8A130 /* SceneDelegate.swift */; };
		AC1E8EEE29E98F3900D8A130 /* Assets.xcassets in Resources */ = {isa = PBXBuildFile; fileRef = AC1E8EED29E98F3900D8A130 /* Assets.xcassets */; };
		AC1E8EF129E98F3900D8A130 /* LaunchScreen.storyboard in Resources */ = {isa = PBXBuildFile; fileRef = AC1E8EEF29E98F3900D8A130 /* LaunchScreen.storyboard */; };
		AC1E8EFC29E98F3900D8A130 /* MinhasTarefasAPPTests.swift in Sources */ = {isa = PBXBuildFile; fileRef = AC1E8EFB29E98F3900D8A130 /* MinhasTarefasAPPTests.swift */; };
		AC1E8F0629E98F3900D8A130 /* MinhasTarefasAPPUITests.swift in Sources */ = {isa = PBXBuildFile; fileRef = AC1E8F0529E98F3900D8A130 /* MinhasTarefasAPPUITests.swift */; };
		AC1E8F0829E98F3900D8A130 /* MinhasTarefasAPPUITestsLaunchTests.swift in Sources */ = {isa = PBXBuildFile; fileRef = AC1E8F0729E98F3900D8A130 /* MinhasTarefasAPPUITestsLaunchTests.swift */; };
		AC1E8F1B29E9909A00D8A130 /* LoginVC.swift in Sources */ = {isa = PBXBuildFile; fileRef = AC1E8F1A29E9909A00D8A130 /* LoginVC.swift */; };
		AC1E8F1D29E990B900D8A130 /* LoginScreen.swift in Sources */ = {isa = PBXBuildFile; fileRef = AC1E8F1C29E990B900D8A130 /* LoginScreen.swift */; };
		AC1E8F1F29E9923000D8A130 /* TabBarController.swift in Sources */ = {isa = PBXBuildFile; fileRef = AC1E8F1E29E9923000D8A130 /* TabBarController.swift */; };
		AC1E8F2429E992A200D8A130 /* HomeScreen.swift in Sources */ = {isa = PBXBuildFile; fileRef = AC1E8F2329E992A200D8A130 /* HomeScreen.swift */; };
		AC1E8F2629E992D400D8A130 /* HomeVC.swift in Sources */ = {isa = PBXBuildFile; fileRef = AC1E8F2529E992D400D8A130 /* HomeVC.swift */; };
		AC1E8F2B29E9935900D8A130 /* AddTarefasScreen.swift in Sources */ = {isa = PBXBuildFile; fileRef = AC1E8F2A29E9935900D8A130 /* AddTarefasScreen.swift */; };
		AC1E8F2D29E9937400D8A130 /* AddTarefasVC.swift in Sources */ = {isa = PBXBuildFile; fileRef = AC1E8F2C29E9937400D8A130 /* AddTarefasVC.swift */; };
		AC1E8F3229E9943E00D8A130 /* AddTarefasCollectionViewCell.swift in Sources */ = {isa = PBXBuildFile; fileRef = AC1E8F3129E9943E00D8A130 /* AddTarefasCollectionViewCell.swift */; };
		AC1E8F3629E994DA00D8A130 /* TarefasCriadasTableViewCell.swift in Sources */ = {isa = PBXBuildFile; fileRef = AC1E8F3529E994DA00D8A130 /* TarefasCriadasTableViewCell.swift */; };
		AC1E8F3829E9958000D8A130 /* AddTarefasCollectionViewCellScreen.swift in Sources */ = {isa = PBXBuildFile; fileRef = AC1E8F3729E9958000D8A130 /* AddTarefasCollectionViewCellScreen.swift */; };
		AC1E8F3A29E995D000D8A130 /* TarefasCriadasTableViewCellScreen.swift in Sources */ = {isa = PBXBuildFile; fileRef = AC1E8F3929E995D000D8A130 /* TarefasCriadasTableViewCellScreen.swift */; };
		AC1E8F4029E9964000D8A130 /* CadastroScreen.swift in Sources */ = {isa = PBXBuildFile; fileRef = AC1E8F3F29E9964000D8A130 /* CadastroScreen.swift */; };
		AC1E8F4329E9968800D8A130 /* CadastroVC.swift in Sources */ = {isa = PBXBuildFile; fileRef = AC1E8F4229E9968800D8A130 /* CadastroVC.swift */; };
		AC1E8F4629E996DC00D8A130 /* Alert.swift in Sources */ = {isa = PBXBuildFile; fileRef = AC1E8F4529E996DC00D8A130 /* Alert.swift */; };
		AC1E8F4829E9970C00D8A130 /* AlertPop.swift in Sources */ = {isa = PBXBuildFile; fileRef = AC1E8F4729E9970C00D8A130 /* AlertPop.swift */; };
/* End PBXBuildFile section */

/* Begin PBXContainerItemProxy section */
		AC1E8EF829E98F3900D8A130 /* PBXContainerItemProxy */ = {
			isa = PBXContainerItemProxy;
			containerPortal = AC1E8ED929E98F3800D8A130 /* Project object */;
			proxyType = 1;
			remoteGlobalIDString = AC1E8EE029E98F3800D8A130;
			remoteInfo = MinhasTarefasAPP;
		};
		AC1E8F0229E98F3900D8A130 /* PBXContainerItemProxy */ = {
			isa = PBXContainerItemProxy;
			containerPortal = AC1E8ED929E98F3800D8A130 /* Project object */;
			proxyType = 1;
			remoteGlobalIDString = AC1E8EE029E98F3800D8A130;
			remoteInfo = MinhasTarefasAPP;
		};
/* End PBXContainerItemProxy section */

/* Begin PBXFileReference section */
		AC1E8EE129E98F3800D8A130 /* MinhasTarefasAPP.app */ = {isa = PBXFileReference; explicitFileType = wrapper.application; includeInIndex = 0; path = MinhasTarefasAPP.app; sourceTree = BUILT_PRODUCTS_DIR; };
		AC1E8EE429E98F3800D8A130 /* AppDelegate.swift */ = {isa = PBXFileReference; lastKnownFileType = sourcecode.swift; path = AppDelegate.swift; sourceTree = "<group>"; };
		AC1E8EE629E98F3800D8A130 /* SceneDelegate.swift */ = {isa = PBXFileReference; lastKnownFileType = sourcecode.swift; path = SceneDelegate.swift; sourceTree = "<group>"; };
		AC1E8EED29E98F3900D8A130 /* Assets.xcassets */ = {isa = PBXFileReference; lastKnownFileType = folder.assetcatalog; path = Assets.xcassets; sourceTree = "<group>"; };
		AC1E8EF029E98F3900D8A130 /* Base */ = {isa = PBXFileReference; lastKnownFileType = file.storyboard; name = Base; path = Base.lproj/LaunchScreen.storyboard; sourceTree = "<group>"; };
		AC1E8EF229E98F3900D8A130 /* Info.plist */ = {isa = PBXFileReference; lastKnownFileType = text.plist.xml; path = Info.plist; sourceTree = "<group>"; };
		AC1E8EF729E98F3900D8A130 /* MinhasTarefasAPPTests.xctest */ = {isa = PBXFileReference; explicitFileType = wrapper.cfbundle; includeInIndex = 0; path = MinhasTarefasAPPTests.xctest; sourceTree = BUILT_PRODUCTS_DIR; };
		AC1E8EFB29E98F3900D8A130 /* MinhasTarefasAPPTests.swift */ = {isa = PBXFileReference; lastKnownFileType = sourcecode.swift; path = MinhasTarefasAPPTests.swift; sourceTree = "<group>"; };
		AC1E8F0129E98F3900D8A130 /* MinhasTarefasAPPUITests.xctest */ = {isa = PBXFileReference; explicitFileType = wrapper.cfbundle; includeInIndex = 0; path = MinhasTarefasAPPUITests.xctest; sourceTree = BUILT_PRODUCTS_DIR; };
		AC1E8F0529E98F3900D8A130 /* MinhasTarefasAPPUITests.swift */ = {isa = PBXFileReference; lastKnownFileType = sourcecode.swift; path = MinhasTarefasAPPUITests.swift; sourceTree = "<group>"; };
		AC1E8F0729E98F3900D8A130 /* MinhasTarefasAPPUITestsLaunchTests.swift */ = {isa = PBXFileReference; lastKnownFileType = sourcecode.swift; path = MinhasTarefasAPPUITestsLaunchTests.swift; sourceTree = "<group>"; };
		AC1E8F1A29E9909A00D8A130 /* LoginVC.swift */ = {isa = PBXFileReference; lastKnownFileType = sourcecode.swift; path = LoginVC.swift; sourceTree = "<group>"; };
		AC1E8F1C29E990B900D8A130 /* LoginScreen.swift */ = {isa = PBXFileReference; lastKnownFileType = sourcecode.swift; path = LoginScreen.swift; sourceTree = "<group>"; };
		AC1E8F1E29E9923000D8A130 /* TabBarController.swift */ = {isa = PBXFileReference; lastKnownFileType = sourcecode.swift; path = TabBarController.swift; sourceTree = "<group>"; };
		AC1E8F2329E992A200D8A130 /* HomeScreen.swift */ = {isa = PBXFileReference; lastKnownFileType = sourcecode.swift; path = HomeScreen.swift; sourceTree = "<group>"; };
		AC1E8F2529E992D400D8A130 /* HomeVC.swift */ = {isa = PBXFileReference; lastKnownFileType = sourcecode.swift; path = HomeVC.swift; sourceTree = "<group>"; };
		AC1E8F2A29E9935900D8A130 /* AddTarefasScreen.swift */ = {isa = PBXFileReference; lastKnownFileType = sourcecode.swift; path = AddTarefasScreen.swift; sourceTree = "<group>"; };
		AC1E8F2C29E9937400D8A130 /* AddTarefasVC.swift */ = {isa = PBXFileReference; lastKnownFileType = sourcecode.swift; path = AddTarefasVC.swift; sourceTree = "<group>"; };
		AC1E8F3129E9943E00D8A130 /* AddTarefasCollectionViewCell.swift */ = {isa = PBXFileReference; lastKnownFileType = sourcecode.swift; path = AddTarefasCollectionViewCell.swift; sourceTree = "<group>"; };
		AC1E8F3529E994DA00D8A130 /* TarefasCriadasTableViewCell.swift */ = {isa = PBXFileReference; lastKnownFileType = sourcecode.swift; path = TarefasCriadasTableViewCell.swift; sourceTree = "<group>"; };
		AC1E8F3729E9958000D8A130 /* AddTarefasCollectionViewCellScreen.swift */ = {isa = PBXFileReference; lastKnownFileType = sourcecode.swift; path = AddTarefasCollectionViewCellScreen.swift; sourceTree = "<group>"; };
		AC1E8F3929E995D000D8A130 /* TarefasCriadasTableViewCellScreen.swift */ = {isa = PBXFileReference; lastKnownFileType = sourcecode.swift; path = TarefasCriadasTableViewCellScreen.swift; sourceTree = "<group>"; };
		AC1E8F3F29E9964000D8A130 /* CadastroScreen.swift */ = {isa = PBXFileReference; lastKnownFileType = sourcecode.swift; path = CadastroScreen.swift; sourceTree = "<group>"; };
		AC1E8F4229E9968800D8A130 /* CadastroVC.swift */ = {isa = PBXFileReference; lastKnownFileType = sourcecode.swift; path = CadastroVC.swift; sourceTree = "<group>"; };
		AC1E8F4529E996DC00D8A130 /* Alert.swift */ = {isa = PBXFileReference; lastKnownFileType = sourcecode.swift; path = Alert.swift; sourceTree = "<group>"; };
		AC1E8F4729E9970C00D8A130 /* AlertPop.swift */ = {isa = PBXFileReference; lastKnownFileType = sourcecode.swift; path = AlertPop.swift; sourceTree = "<group>"; };
/* End PBXFileReference section */

/* Begin PBXFrameworksBuildPhase section */
		AC1E8EDE29E98F3800D8A130 /* Frameworks */ = {
			isa = PBXFrameworksBuildPhase;
			buildActionMask = 2147483647;
			files = (
			);
			runOnlyForDeploymentPostprocessing = 0;
		};
		AC1E8EF429E98F3900D8A130 /* Frameworks */ = {
			isa = PBXFrameworksBuildPhase;
			buildActionMask = 2147483647;
			files = (
			);
			runOnlyForDeploymentPostprocessing = 0;
		};
		AC1E8EFE29E98F3900D8A130 /* Frameworks */ = {
			isa = PBXFrameworksBuildPhase;
			buildActionMask = 2147483647;
			files = (
			);
			runOnlyForDeploymentPostprocessing = 0;
		};
/* End PBXFrameworksBuildPhase section */

/* Begin PBXGroup section */
		AC1E8ED829E98F3800D8A130 = {
			isa = PBXGroup;
			children = (
				AC1E8EE329E98F3800D8A130 /* MinhasTarefasAPP */,
				AC1E8EFA29E98F3900D8A130 /* MinhasTarefasAPPTests */,
				AC1E8F0429E98F3900D8A130 /* MinhasTarefasAPPUITests */,
				AC1E8EE229E98F3800D8A130 /* Products */,
			);
			sourceTree = "<group>";
		};
		AC1E8EE229E98F3800D8A130 /* Products */ = {
			isa = PBXGroup;
			children = (
				AC1E8EE129E98F3800D8A130 /* MinhasTarefasAPP.app */,
				AC1E8EF729E98F3900D8A130 /* MinhasTarefasAPPTests.xctest */,
				AC1E8F0129E98F3900D8A130 /* MinhasTarefasAPPUITests.xctest */,
			);
			name = Products;
			sourceTree = "<group>";
		};
		AC1E8EE329E98F3800D8A130 /* MinhasTarefasAPP */ = {
			isa = PBXGroup;
			children = (
				AC1E8F1629E9902700D8A130 /* Features */,
				AC1E8F1529E9901A00D8A130 /* TabBar */,
				AC1E8F1429E9900800D8A130 /* Utils */,
				AC1E8EE429E98F3800D8A130 /* AppDelegate.swift */,
				AC1E8EE629E98F3800D8A130 /* SceneDelegate.swift */,
				AC1E8EED29E98F3900D8A130 /* Assets.xcassets */,
				AC1E8EEF29E98F3900D8A130 /* LaunchScreen.storyboard */,
				AC1E8EF229E98F3900D8A130 /* Info.plist */,
			);
			path = MinhasTarefasAPP;
			sourceTree = "<group>";
		};
		AC1E8EFA29E98F3900D8A130 /* MinhasTarefasAPPTests */ = {
			isa = PBXGroup;
			children = (
				AC1E8EFB29E98F3900D8A130 /* MinhasTarefasAPPTests.swift */,
			);
			path = MinhasTarefasAPPTests;
			sourceTree = "<group>";
		};
		AC1E8F0429E98F3900D8A130 /* MinhasTarefasAPPUITests */ = {
			isa = PBXGroup;
			children = (
				AC1E8F0529E98F3900D8A130 /* MinhasTarefasAPPUITests.swift */,
				AC1E8F0729E98F3900D8A130 /* MinhasTarefasAPPUITestsLaunchTests.swift */,
			);
			path = MinhasTarefasAPPUITests;
			sourceTree = "<group>";
		};
		AC1E8F1429E9900800D8A130 /* Utils */ = {
			isa = PBXGroup;
			children = (
				AC1E8F4429E996C800D8A130 /* Alert */,
			);
			path = Utils;
			sourceTree = "<group>";
		};
		AC1E8F1529E9901A00D8A130 /* TabBar */ = {
			isa = PBXGroup;
			children = (
				AC1E8F1E29E9923000D8A130 /* TabBarController.swift */,
			);
			path = TabBar;
			sourceTree = "<group>";
		};
		AC1E8F1629E9902700D8A130 /* Features */ = {
			isa = PBXGroup;
			children = (
				AC1E8F3B29E995FB00D8A130 /* Cadastro */,
				AC1E8F2E29E993ED00D8A130 /* Cells */,
				AC1E8F2729E9932A00D8A130 /* AddTarefas */,
				AC1E8F2029E9925800D8A130 /* Home */,
				AC1E8F1729E9904E00D8A130 /* Login */,
			);
			path = Features;
			sourceTree = "<group>";
		};
		AC1E8F1729E9904E00D8A130 /* Login */ = {
			isa = PBXGroup;
			children = (
				AC1E8F1929E9906200D8A130 /* Screen */,
				AC1E8F1829E9905900D8A130 /* VC */,
			);
			path = Login;
			sourceTree = "<group>";
		};
		AC1E8F1829E9905900D8A130 /* VC */ = {
			isa = PBXGroup;
			children = (
				AC1E8F1A29E9909A00D8A130 /* LoginVC.swift */,
			);
			path = VC;
			sourceTree = "<group>";
		};
		AC1E8F1929E9906200D8A130 /* Screen */ = {
			isa = PBXGroup;
			children = (
				AC1E8F1C29E990B900D8A130 /* LoginScreen.swift */,
			);
			path = Screen;
			sourceTree = "<group>";
		};
		AC1E8F2029E9925800D8A130 /* Home */ = {
			isa = PBXGroup;
			children = (
				AC1E8F2229E9927100D8A130 /* Screen */,
				AC1E8F2129E9926200D8A130 /* VC */,
			);
			path = Home;
			sourceTree = "<group>";
		};
		AC1E8F2129E9926200D8A130 /* VC */ = {
			isa = PBXGroup;
			children = (
				AC1E8F2529E992D400D8A130 /* HomeVC.swift */,
			);
			path = VC;
			sourceTree = "<group>";
		};
		AC1E8F2229E9927100D8A130 /* Screen */ = {
			isa = PBXGroup;
			children = (
				AC1E8F2329E992A200D8A130 /* HomeScreen.swift */,
			);
			path = Screen;
			sourceTree = "<group>";
		};
		AC1E8F2729E9932A00D8A130 /* AddTarefas */ = {
			isa = PBXGroup;
			children = (
				AC1E8F2929E9933D00D8A130 /* Screen */,
				AC1E8F2829E9933500D8A130 /* VC */,
			);
			path = AddTarefas;
			sourceTree = "<group>";
		};
		AC1E8F2829E9933500D8A130 /* VC */ = {
			isa = PBXGroup;
			children = (
				AC1E8F2C29E9937400D8A130 /* AddTarefasVC.swift */,
			);
			path = VC;
			sourceTree = "<group>";
		};
		AC1E8F2929E9933D00D8A130 /* Screen */ = {
			isa = PBXGroup;
			children = (
				AC1E8F2A29E9935900D8A130 /* AddTarefasScreen.swift */,
			);
			path = Screen;
			sourceTree = "<group>";
		};
		AC1E8F2E29E993ED00D8A130 /* Cells */ = {
			isa = PBXGroup;
			children = (
				AC1E8F3329E9948C00D8A130 /* TarefasCriadasTableViewCell */,
				AC1E8F2F29E9940600D8A130 /* AddTarefasCollectionViewCell */,
			);
			path = Cells;
			sourceTree = "<group>";
		};
		AC1E8F2F29E9940600D8A130 /* AddTarefasCollectionViewCell */ = {
			isa = PBXGroup;
			children = (
				AC1E8F3129E9943E00D8A130 /* AddTarefasCollectionViewCell.swift */,
				AC1E8F3029E9940F00D8A130 /* Screen */,
			);
			path = AddTarefasCollectionViewCell;
			sourceTree = "<group>";
		};
		AC1E8F3029E9940F00D8A130 /* Screen */ = {
			isa = PBXGroup;
			children = (
				AC1E8F3729E9958000D8A130 /* AddTarefasCollectionViewCellScreen.swift */,
			);
			path = Screen;
			sourceTree = "<group>";
		};
		AC1E8F3329E9948C00D8A130 /* TarefasCriadasTableViewCell */ = {
			isa = PBXGroup;
			children = (
				AC1E8F3529E994DA00D8A130 /* TarefasCriadasTableViewCell.swift */,
				AC1E8F3429E9949700D8A130 /* Screen */,
			);
			path = TarefasCriadasTableViewCell;
			sourceTree = "<group>";
		};
		AC1E8F3429E9949700D8A130 /* Screen */ = {
			isa = PBXGroup;
			children = (
				AC1E8F3929E995D000D8A130 /* TarefasCriadasTableViewCellScreen.swift */,
			);
			path = Screen;
			sourceTree = "<group>";
		};
		AC1E8F3B29E995FB00D8A130 /* Cadastro */ = {
			isa = PBXGroup;
			children = (
				AC1E8F3E29E9961900D8A130 /* ViewModel */,
				AC1E8F3D29E9960E00D8A130 /* Screen */,
				AC1E8F3C29E9960600D8A130 /* VC */,
			);
			path = Cadastro;
			sourceTree = "<group>";
		};
		AC1E8F3C29E9960600D8A130 /* VC */ = {
			isa = PBXGroup;
			children = (
				AC1E8F4229E9968800D8A130 /* CadastroVC.swift */,
			);
			path = VC;
			sourceTree = "<group>";
		};
		AC1E8F3D29E9960E00D8A130 /* Screen */ = {
			isa = PBXGroup;
			children = (
				AC1E8F3F29E9964000D8A130 /* CadastroScreen.swift */,
			);
			path = Screen;
			sourceTree = "<group>";
		};
		AC1E8F3E29E9961900D8A130 /* ViewModel */ = {
			isa = PBXGroup;
			children = (
			);
			path = ViewModel;
			sourceTree = "<group>";
		};
		AC1E8F4429E996C800D8A130 /* Alert */ = {
			isa = PBXGroup;
			children = (
				AC1E8F4529E996DC00D8A130 /* Alert.swift */,
				AC1E8F4729E9970C00D8A130 /* AlertPop.swift */,
			);
			path = Alert;
			sourceTree = "<group>";
		};
/* End PBXGroup section */

/* Begin PBXNativeTarget section */
		AC1E8EE029E98F3800D8A130 /* MinhasTarefasAPP */ = {
			isa = PBXNativeTarget;
			buildConfigurationList = AC1E8F0B29E98F3900D8A130 /* Build configuration list for PBXNativeTarget "MinhasTarefasAPP" */;
			buildPhases = (
				AC1E8EDD29E98F3800D8A130 /* Sources */,
				AC1E8EDE29E98F3800D8A130 /* Frameworks */,
				AC1E8EDF29E98F3800D8A130 /* Resources */,
			);
			buildRules = (
			);
			dependencies = (
			);
			name = MinhasTarefasAPP;
			productName = MinhasTarefasAPP;
			productReference = AC1E8EE129E98F3800D8A130 /* MinhasTarefasAPP.app */;
			productType = "com.apple.product-type.application";
		};
		AC1E8EF629E98F3900D8A130 /* MinhasTarefasAPPTests */ = {
			isa = PBXNativeTarget;
			buildConfigurationList = AC1E8F0E29E98F3900D8A130 /* Build configuration list for PBXNativeTarget "MinhasTarefasAPPTests" */;
			buildPhases = (
				AC1E8EF329E98F3900D8A130 /* Sources */,
				AC1E8EF429E98F3900D8A130 /* Frameworks */,
				AC1E8EF529E98F3900D8A130 /* Resources */,
			);
			buildRules = (
			);
			dependencies = (
				AC1E8EF929E98F3900D8A130 /* PBXTargetDependency */,
			);
			name = MinhasTarefasAPPTests;
			productName = MinhasTarefasAPPTests;
			productReference = AC1E8EF729E98F3900D8A130 /* MinhasTarefasAPPTests.xctest */;
			productType = "com.apple.product-type.bundle.unit-test";
		};
		AC1E8F0029E98F3900D8A130 /* MinhasTarefasAPPUITests */ = {
			isa = PBXNativeTarget;
			buildConfigurationList = AC1E8F1129E98F3900D8A130 /* Build configuration list for PBXNativeTarget "MinhasTarefasAPPUITests" */;
			buildPhases = (
				AC1E8EFD29E98F3900D8A130 /* Sources */,
				AC1E8EFE29E98F3900D8A130 /* Frameworks */,
				AC1E8EFF29E98F3900D8A130 /* Resources */,
			);
			buildRules = (
			);
			dependencies = (
				AC1E8F0329E98F3900D8A130 /* PBXTargetDependency */,
			);
			name = MinhasTarefasAPPUITests;
			productName = MinhasTarefasAPPUITests;
			productReference = AC1E8F0129E98F3900D8A130 /* MinhasTarefasAPPUITests.xctest */;
			productType = "com.apple.product-type.bundle.ui-testing";
		};
/* End PBXNativeTarget section */

/* Begin PBXProject section */
		AC1E8ED929E98F3800D8A130 /* Project object */ = {
			isa = PBXProject;
			attributes = {
				BuildIndependentTargetsInParallel = 1;
				LastSwiftUpdateCheck = 1420;
				LastUpgradeCheck = 1420;
				TargetAttributes = {
					AC1E8EE029E98F3800D8A130 = {
						CreatedOnToolsVersion = 14.2;
					};
					AC1E8EF629E98F3900D8A130 = {
						CreatedOnToolsVersion = 14.2;
						TestTargetID = AC1E8EE029E98F3800D8A130;
					};
					AC1E8F0029E98F3900D8A130 = {
						CreatedOnToolsVersion = 14.2;
						TestTargetID = AC1E8EE029E98F3800D8A130;
					};
				};
			};
			buildConfigurationList = AC1E8EDC29E98F3800D8A130 /* Build configuration list for PBXProject "MinhasTarefasAPP" */;
			compatibilityVersion = "Xcode 14.0";
			developmentRegion = en;
			hasScannedForEncodings = 0;
			knownRegions = (
				en,
				Base,
			);
			mainGroup = AC1E8ED829E98F3800D8A130;
			productRefGroup = AC1E8EE229E98F3800D8A130 /* Products */;
			projectDirPath = "";
			projectRoot = "";
			targets = (
				AC1E8EE029E98F3800D8A130 /* MinhasTarefasAPP */,
				AC1E8EF629E98F3900D8A130 /* MinhasTarefasAPPTests */,
				AC1E8F0029E98F3900D8A130 /* MinhasTarefasAPPUITests */,
			);
		};
/* End PBXProject section */

/* Begin PBXResourcesBuildPhase section */
		AC1E8EDF29E98F3800D8A130 /* Resources */ = {
			isa = PBXResourcesBuildPhase;
			buildActionMask = 2147483647;
			files = (
				AC1E8EF129E98F3900D8A130 /* LaunchScreen.storyboard in Resources */,
				AC1E8EEE29E98F3900D8A130 /* Assets.xcassets in Resources */,
			);
			runOnlyForDeploymentPostprocessing = 0;
		};
		AC1E8EF529E98F3900D8A130 /* Resources */ = {
			isa = PBXResourcesBuildPhase;
			buildActionMask = 2147483647;
			files = (
			);
			runOnlyForDeploymentPostprocessing = 0;
		};
		AC1E8EFF29E98F3900D8A130 /* Resources */ = {
			isa = PBXResourcesBuildPhase;
			buildActionMask = 2147483647;
			files = (
			);
			runOnlyForDeploymentPostprocessing = 0;
		};
/* End PBXResourcesBuildPhase section */

/* Begin PBXSourcesBuildPhase section */
		AC1E8EDD29E98F3800D8A130 /* Sources */ = {
			isa = PBXSourcesBuildPhase;
			buildActionMask = 2147483647;
			files = (
				AC1E8F3629E994DA00D8A130 /* TarefasCriadasTableViewCell.swift in Sources */,
				AC1E8F3829E9958000D8A130 /* AddTarefasCollectionViewCellScreen.swift in Sources */,
				AC1E8F4829E9970C00D8A130 /* AlertPop.swift in Sources */,
				AC1E8F2B29E9935900D8A130 /* AddTarefasScreen.swift in Sources */,
				AC1E8F3A29E995D000D8A130 /* TarefasCriadasTableViewCellScreen.swift in Sources */,
				AC1E8F4029E9964000D8A130 /* CadastroScreen.swift in Sources */,
				AC1E8EE529E98F3800D8A130 /* AppDelegate.swift in Sources */,
				AC1E8F2629E992D400D8A130 /* HomeVC.swift in Sources */,
				AC1E8F4329E9968800D8A130 /* CadastroVC.swift in Sources */,
				AC1E8F2D29E9937400D8A130 /* AddTarefasVC.swift in Sources */,
				AC1E8F1D29E990B900D8A130 /* LoginScreen.swift in Sources */,
				AC1E8F2429E992A200D8A130 /* HomeScreen.swift in Sources */,
				AC1E8EE729E98F3800D8A130 /* SceneDelegate.swift in Sources */,
				AC1E8F1F29E9923000D8A130 /* TabBarController.swift in Sources */,
				AC1E8F1B29E9909A00D8A130 /* LoginVC.swift in Sources */,
				AC1E8F4629E996DC00D8A130 /* Alert.swift in Sources */,
				AC1E8F3229E9943E00D8A130 /* AddTarefasCollectionViewCell.swift in Sources */,
			);
			runOnlyForDeploymentPostprocessing = 0;
		};
		AC1E8EF329E98F3900D8A130 /* Sources */ = {
			isa = PBXSourcesBuildPhase;
			buildActionMask = 2147483647;
			files = (
				AC1E8EFC29E98F3900D8A130 /* MinhasTarefasAPPTests.swift in Sources */,
			);
			runOnlyForDeploymentPostprocessing = 0;
		};
		AC1E8EFD29E98F3900D8A130 /* Sources */ = {
			isa = PBXSourcesBuildPhase;
			buildActionMask = 2147483647;
			files = (
				AC1E8F0629E98F3900D8A130 /* MinhasTarefasAPPUITests.swift in Sources */,
				AC1E8F0829E98F3900D8A130 /* MinhasTarefasAPPUITestsLaunchTests.swift in Sources */,
			);
			runOnlyForDeploymentPostprocessing = 0;
		};
/* End PBXSourcesBuildPhase section */

/* Begin PBXTargetDependency section */
		AC1E8EF929E98F3900D8A130 /* PBXTargetDependency */ = {
			isa = PBXTargetDependency;
			target = AC1E8EE029E98F3800D8A130 /* MinhasTarefasAPP */;
			targetProxy = AC1E8EF829E98F3900D8A130 /* PBXContainerItemProxy */;
		};
		AC1E8F0329E98F3900D8A130 /* PBXTargetDependency */ = {
			isa = PBXTargetDependency;
			target = AC1E8EE029E98F3800D8A130 /* MinhasTarefasAPP */;
			targetProxy = AC1E8F0229E98F3900D8A130 /* PBXContainerItemProxy */;
		};
/* End PBXTargetDependency section */

/* Begin PBXVariantGroup section */
		AC1E8EEF29E98F3900D8A130 /* LaunchScreen.storyboard */ = {
			isa = PBXVariantGroup;
			children = (
				AC1E8EF029E98F3900D8A130 /* Base */,
			);
			name = LaunchScreen.storyboard;
			sourceTree = "<group>";
		};
/* End PBXVariantGroup section */

/* Begin XCBuildConfiguration section */
		AC1E8F0929E98F3900D8A130 /* Debug */ = {
			isa = XCBuildConfiguration;
			buildSettings = {
				ALWAYS_SEARCH_USER_PATHS = NO;
				CLANG_ANALYZER_NONNULL = YES;
				CLANG_ANALYZER_NUMBER_OBJECT_CONVERSION = YES_AGGRESSIVE;
				CLANG_CXX_LANGUAGE_STANDARD = "gnu++20";
				CLANG_ENABLE_MODULES = YES;
				CLANG_ENABLE_OBJC_ARC = YES;
				CLANG_ENABLE_OBJC_WEAK = YES;
				CLANG_WARN_BLOCK_CAPTURE_AUTORELEASING = YES;
				CLANG_WARN_BOOL_CONVERSION = YES;
				CLANG_WARN_COMMA = YES;
				CLANG_WARN_CONSTANT_CONVERSION = YES;
				CLANG_WARN_DEPRECATED_OBJC_IMPLEMENTATIONS = YES;
				CLANG_WARN_DIRECT_OBJC_ISA_USAGE = YES_ERROR;
				CLANG_WARN_DOCUMENTATION_COMMENTS = YES;
				CLANG_WARN_EMPTY_BODY = YES;
				CLANG_WARN_ENUM_CONVERSION = YES;
				CLANG_WARN_INFINITE_RECURSION = YES;
				CLANG_WARN_INT_CONVERSION = YES;
				CLANG_WARN_NON_LITERAL_NULL_CONVERSION = YES;
				CLANG_WARN_OBJC_IMPLICIT_RETAIN_SELF = YES;
				CLANG_WARN_OBJC_LITERAL_CONVERSION = YES;
				CLANG_WARN_OBJC_ROOT_CLASS = YES_ERROR;
				CLANG_WARN_QUOTED_INCLUDE_IN_FRAMEWORK_HEADER = YES;
				CLANG_WARN_RANGE_LOOP_ANALYSIS = YES;
				CLANG_WARN_STRICT_PROTOTYPES = YES;
				CLANG_WARN_SUSPICIOUS_MOVE = YES;
				CLANG_WARN_UNGUARDED_AVAILABILITY = YES_AGGRESSIVE;
				CLANG_WARN_UNREACHABLE_CODE = YES;
				CLANG_WARN__DUPLICATE_METHOD_MATCH = YES;
				COPY_PHASE_STRIP = NO;
				DEBUG_INFORMATION_FORMAT = dwarf;
				ENABLE_STRICT_OBJC_MSGSEND = YES;
				ENABLE_TESTABILITY = YES;
				GCC_C_LANGUAGE_STANDARD = gnu11;
				GCC_DYNAMIC_NO_PIC = NO;
				GCC_NO_COMMON_BLOCKS = YES;
				GCC_OPTIMIZATION_LEVEL = 0;
				GCC_PREPROCESSOR_DEFINITIONS = (
					"DEBUG=1",
					"$(inherited)",
				);
				GCC_WARN_64_TO_32_BIT_CONVERSION = YES;
				GCC_WARN_ABOUT_RETURN_TYPE = YES_ERROR;
				GCC_WARN_UNDECLARED_SELECTOR = YES;
				GCC_WARN_UNINITIALIZED_AUTOS = YES_AGGRESSIVE;
				GCC_WARN_UNUSED_FUNCTION = YES;
				GCC_WARN_UNUSED_VARIABLE = YES;
				IPHONEOS_DEPLOYMENT_TARGET = 16.2;
				MTL_ENABLE_DEBUG_INFO = INCLUDE_SOURCE;
				MTL_FAST_MATH = YES;
				ONLY_ACTIVE_ARCH = YES;
				SDKROOT = iphoneos;
				SWIFT_ACTIVE_COMPILATION_CONDITIONS = DEBUG;
				SWIFT_OPTIMIZATION_LEVEL = "-Onone";
			};
			name = Debug;
		};
		AC1E8F0A29E98F3900D8A130 /* Release */ = {
			isa = XCBuildConfiguration;
			buildSettings = {
				ALWAYS_SEARCH_USER_PATHS = NO;
				CLANG_ANALYZER_NONNULL = YES;
				CLANG_ANALYZER_NUMBER_OBJECT_CONVERSION = YES_AGGRESSIVE;
				CLANG_CXX_LANGUAGE_STANDARD = "gnu++20";
				CLANG_ENABLE_MODULES = YES;
				CLANG_ENABLE_OBJC_ARC = YES;
				CLANG_ENABLE_OBJC_WEAK = YES;
				CLANG_WARN_BLOCK_CAPTURE_AUTORELEASING = YES;
				CLANG_WARN_BOOL_CONVERSION = YES;
				CLANG_WARN_COMMA = YES;
				CLANG_WARN_CONSTANT_CONVERSION = YES;
				CLANG_WARN_DEPRECATED_OBJC_IMPLEMENTATIONS = YES;
				CLANG_WARN_DIRECT_OBJC_ISA_USAGE = YES_ERROR;
				CLANG_WARN_DOCUMENTATION_COMMENTS = YES;
				CLANG_WARN_EMPTY_BODY = YES;
				CLANG_WARN_ENUM_CONVERSION = YES;
				CLANG_WARN_INFINITE_RECURSION = YES;
				CLANG_WARN_INT_CONVERSION = YES;
				CLANG_WARN_NON_LITERAL_NULL_CONVERSION = YES;
				CLANG_WARN_OBJC_IMPLICIT_RETAIN_SELF = YES;
				CLANG_WARN_OBJC_LITERAL_CONVERSION = YES;
				CLANG_WARN_OBJC_ROOT_CLASS = YES_ERROR;
				CLANG_WARN_QUOTED_INCLUDE_IN_FRAMEWORK_HEADER = YES;
				CLANG_WARN_RANGE_LOOP_ANALYSIS = YES;
				CLANG_WARN_STRICT_PROTOTYPES = YES;
				CLANG_WARN_SUSPICIOUS_MOVE = YES;
				CLANG_WARN_UNGUARDED_AVAILABILITY = YES_AGGRESSIVE;
				CLANG_WARN_UNREACHABLE_CODE = YES;
				CLANG_WARN__DUPLICATE_METHOD_MATCH = YES;
				COPY_PHASE_STRIP = NO;
				DEBUG_INFORMATION_FORMAT = "dwarf-with-dsym";
				ENABLE_NS_ASSERTIONS = NO;
				ENABLE_STRICT_OBJC_MSGSEND = YES;
				GCC_C_LANGUAGE_STANDARD = gnu11;
				GCC_NO_COMMON_BLOCKS = YES;
				GCC_WARN_64_TO_32_BIT_CONVERSION = YES;
				GCC_WARN_ABOUT_RETURN_TYPE = YES_ERROR;
				GCC_WARN_UNDECLARED_SELECTOR = YES;
				GCC_WARN_UNINITIALIZED_AUTOS = YES_AGGRESSIVE;
				GCC_WARN_UNUSED_FUNCTION = YES;
				GCC_WARN_UNUSED_VARIABLE = YES;
				IPHONEOS_DEPLOYMENT_TARGET = 16.2;
				MTL_ENABLE_DEBUG_INFO = NO;
				MTL_FAST_MATH = YES;
				SDKROOT = iphoneos;
				SWIFT_COMPILATION_MODE = wholemodule;
				SWIFT_OPTIMIZATION_LEVEL = "-O";
				VALIDATE_PRODUCT = YES;
			};
			name = Release;
		};
		AC1E8F0C29E98F3900D8A130 /* Debug */ = {
			isa = XCBuildConfiguration;
			buildSettings = {
				ASSETCATALOG_COMPILER_APPICON_NAME = AppIcon;
				ASSETCATALOG_COMPILER_GLOBAL_ACCENT_COLOR_NAME = AccentColor;
				CODE_SIGN_STYLE = Automatic;
				CURRENT_PROJECT_VERSION = 1;
				GENERATE_INFOPLIST_FILE = YES;
				INFOPLIST_FILE = MinhasTarefasAPP/Info.plist;
				INFOPLIST_KEY_UIApplicationSupportsIndirectInputEvents = YES;
				INFOPLIST_KEY_UILaunchStoryboardName = LaunchScreen;
				INFOPLIST_KEY_UIMainStoryboardFile = "";
				INFOPLIST_KEY_UISupportedInterfaceOrientations_iPad = "UIInterfaceOrientationPortrait UIInterfaceOrientationPortraitUpsideDown UIInterfaceOrientationLandscapeLeft UIInterfaceOrientationLandscapeRight";
				INFOPLIST_KEY_UISupportedInterfaceOrientations_iPhone = "UIInterfaceOrientationPortrait UIInterfaceOrientationLandscapeLeft UIInterfaceOrientationLandscapeRight";
				IPHONEOS_DEPLOYMENT_TARGET = 14.0;
				LD_RUNPATH_SEARCH_PATHS = (
					"$(inherited)",
					"@executable_path/Frameworks",
				);
				MARKETING_VERSION = 1.0;
				PRODUCT_BUNDLE_IDENTIFIER = Hardsys.MinhasTarefasAPP;
				PRODUCT_NAME = "$(TARGET_NAME)";
				SWIFT_EMIT_LOC_STRINGS = YES;
				SWIFT_VERSION = 5.0;
				TARGETED_DEVICE_FAMILY = "1,2";
			};
			name = Debug;
		};
		AC1E8F0D29E98F3900D8A130 /* Release */ = {
			isa = XCBuildConfiguration;
			buildSettings = {
				ASSETCATALOG_COMPILER_APPICON_NAME = AppIcon;
				ASSETCATALOG_COMPILER_GLOBAL_ACCENT_COLOR_NAME = AccentColor;
				CODE_SIGN_STYLE = Automatic;
				CURRENT_PROJECT_VERSION = 1;
				GENERATE_INFOPLIST_FILE = YES;
				INFOPLIST_FILE = MinhasTarefasAPP/Info.plist;
				INFOPLIST_KEY_UIApplicationSupportsIndirectInputEvents = YES;
				INFOPLIST_KEY_UILaunchStoryboardName = LaunchScreen;
				INFOPLIST_KEY_UIMainStoryboardFile = "";
				INFOPLIST_KEY_UISupportedInterfaceOrientations_iPad = "UIInterfaceOrientationPortrait UIInterfaceOrientationPortraitUpsideDown UIInterfaceOrientationLandscapeLeft UIInterfaceOrientationLandscapeRight";
				INFOPLIST_KEY_UISupportedInterfaceOrientations_iPhone = "UIInterfaceOrientationPortrait UIInterfaceOrientationLandscapeLeft UIInterfaceOrientationLandscapeRight";
				IPHONEOS_DEPLOYMENT_TARGET = 14.0;
				LD_RUNPATH_SEARCH_PATHS = (
					"$(inherited)",
					"@executable_path/Frameworks",
				);
				MARKETING_VERSION = 1.0;
				PRODUCT_BUNDLE_IDENTIFIER = Hardsys.MinhasTarefasAPP;
				PRODUCT_NAME = "$(TARGET_NAME)";
				SWIFT_EMIT_LOC_STRINGS = YES;
				SWIFT_VERSION = 5.0;
				TARGETED_DEVICE_FAMILY = "1,2";
			};
			name = Release;
		};
		AC1E8F0F29E98F3900D8A130 /* Debug */ = {
			isa = XCBuildConfiguration;
			buildSettings = {
				ALWAYS_EMBED_SWIFT_STANDARD_LIBRARIES = YES;
				BUNDLE_LOADER = "$(TEST_HOST)";
				CODE_SIGN_STYLE = Automatic;
				CURRENT_PROJECT_VERSION = 1;
				GENERATE_INFOPLIST_FILE = YES;
				IPHONEOS_DEPLOYMENT_TARGET = 16.2;
				MARKETING_VERSION = 1.0;
				PRODUCT_BUNDLE_IDENTIFIER = Hardsys.MinhasTarefasAPPTests;
				PRODUCT_NAME = "$(TARGET_NAME)";
				SWIFT_EMIT_LOC_STRINGS = NO;
				SWIFT_VERSION = 5.0;
				TARGETED_DEVICE_FAMILY = "1,2";
				TEST_HOST = "$(BUILT_PRODUCTS_DIR)/MinhasTarefasAPP.app/$(BUNDLE_EXECUTABLE_FOLDER_PATH)/MinhasTarefasAPP";
			};
			name = Debug;
		};
		AC1E8F1029E98F3900D8A130 /* Release */ = {
			isa = XCBuildConfiguration;
			buildSettings = {
				ALWAYS_EMBED_SWIFT_STANDARD_LIBRARIES = YES;
				BUNDLE_LOADER = "$(TEST_HOST)";
				CODE_SIGN_STYLE = Automatic;
				CURRENT_PROJECT_VERSION = 1;
				GENERATE_INFOPLIST_FILE = YES;
				IPHONEOS_DEPLOYMENT_TARGET = 16.2;
				MARKETING_VERSION = 1.0;
				PRODUCT_BUNDLE_IDENTIFIER = Hardsys.MinhasTarefasAPPTests;
				PRODUCT_NAME = "$(TARGET_NAME)";
				SWIFT_EMIT_LOC_STRINGS = NO;
				SWIFT_VERSION = 5.0;
				TARGETED_DEVICE_FAMILY = "1,2";
				TEST_HOST = "$(BUILT_PRODUCTS_DIR)/MinhasTarefasAPP.app/$(BUNDLE_EXECUTABLE_FOLDER_PATH)/MinhasTarefasAPP";
			};
			name = Release;
		};
		AC1E8F1229E98F3900D8A130 /* Debug */ = {
			isa = XCBuildConfiguration;
			buildSettings = {
				ALWAYS_EMBED_SWIFT_STANDARD_LIBRARIES = YES;
				CODE_SIGN_STYLE = Automatic;
				CURRENT_PROJECT_VERSION = 1;
				GENERATE_INFOPLIST_FILE = YES;
				MARKETING_VERSION = 1.0;
				PRODUCT_BUNDLE_IDENTIFIER = Hardsys.MinhasTarefasAPPUITests;
				PRODUCT_NAME = "$(TARGET_NAME)";
				SWIFT_EMIT_LOC_STRINGS = NO;
				SWIFT_VERSION = 5.0;
				TARGETED_DEVICE_FAMILY = "1,2";
				TEST_TARGET_NAME = MinhasTarefasAPP;
			};
			name = Debug;
		};
		AC1E8F1329E98F3900D8A130 /* Release */ = {
			isa = XCBuildConfiguration;
			buildSettings = {
				ALWAYS_EMBED_SWIFT_STANDARD_LIBRARIES = YES;
				CODE_SIGN_STYLE = Automatic;
				CURRENT_PROJECT_VERSION = 1;
				GENERATE_INFOPLIST_FILE = YES;
				MARKETING_VERSION = 1.0;
				PRODUCT_BUNDLE_IDENTIFIER = Hardsys.MinhasTarefasAPPUITests;
				PRODUCT_NAME = "$(TARGET_NAME)";
				SWIFT_EMIT_LOC_STRINGS = NO;
				SWIFT_VERSION = 5.0;
				TARGETED_DEVICE_FAMILY = "1,2";
				TEST_TARGET_NAME = MinhasTarefasAPP;
			};
			name = Release;
		};
/* End XCBuildConfiguration section */

/* Begin XCConfigurationList section */
		AC1E8EDC29E98F3800D8A130 /* Build configuration list for PBXProject "MinhasTarefasAPP" */ = {
			isa = XCConfigurationList;
			buildConfigurations = (
				AC1E8F0929E98F3900D8A130 /* Debug */,
				AC1E8F0A29E98F3900D8A130 /* Release */,
			);
			defaultConfigurationIsVisible = 0;
			defaultConfigurationName = Release;
		};
		AC1E8F0B29E98F3900D8A130 /* Build configuration list for PBXNativeTarget "MinhasTarefasAPP" */ = {
			isa = XCConfigurationList;
			buildConfigurations = (
				AC1E8F0C29E98F3900D8A130 /* Debug */,
				AC1E8F0D29E98F3900D8A130 /* Release */,
			);
			defaultConfigurationIsVisible = 0;
			defaultConfigurationName = Release;
		};
		AC1E8F0E29E98F3900D8A130 /* Build configuration list for PBXNativeTarget "MinhasTarefasAPPTests" */ = {
			isa = XCConfigurationList;
			buildConfigurations = (
				AC1E8F0F29E98F3900D8A130 /* Debug */,
				AC1E8F1029E98F3900D8A130 /* Release */,
			);
			defaultConfigurationIsVisible = 0;
			defaultConfigurationName = Release;
		};
		AC1E8F1129E98F3900D8A130 /* Build configuration list for PBXNativeTarget "MinhasTarefasAPPUITests" */ = {
			isa = XCConfigurationList;
			buildConfigurations = (
				AC1E8F1229E98F3900D8A130 /* Debug */,
				AC1E8F1329E98F3900D8A130 /* Release */,
			);
			defaultConfigurationIsVisible = 0;
			defaultConfigurationName = Release;
		};
/* End XCConfigurationList section */
	};
	rootObject = AC1E8ED929E98F3800D8A130 /* Project object */;
}
