// !$*UTF8*$!
{
	archiveVersion = 1;
	classes = {
	};
	objectVersion = 56;
	objects = {

/* Begin PBXBuildFile section */
		143695670700EDDD43877A4B /* Pods_MinhasTarefasAPP.framework in Frameworks */ = {isa = PBXBuildFile; fileRef = 959A657B784DDEC53654666A /* Pods_MinhasTarefasAPP.framework */; };
		AC00EE5329F4118100F228A1 /* AddTarefasCellViewModel.swift in Sources */ = {isa = PBXBuildFile; fileRef = AC00EE5229F4118100F228A1 /* AddTarefasCellViewModel.swift */; };
		AC1E8EE529E98F3800D8A130 /* AppDelegate.swift in Sources */ = {isa = PBXBuildFile; fileRef = AC1E8EE429E98F3800D8A130 /* AppDelegate.swift */; };
		AC1E8EE729E98F3800D8A130 /* SceneDelegate.swift in Sources */ = {isa = PBXBuildFile; fileRef = AC1E8EE629E98F3800D8A130 /* SceneDelegate.swift */; };
		AC1E8EEE29E98F3900D8A130 /* Assets.xcassets in Resources */ = {isa = PBXBuildFile; fileRef = AC1E8EED29E98F3900D8A130 /* Assets.xcassets */; };
		AC1E8EF129E98F3900D8A130 /* LaunchScreen.storyboard in Resources */ = {isa = PBXBuildFile; fileRef = AC1E8EEF29E98F3900D8A130 /* LaunchScreen.storyboard */; };
		AC1E8EFC29E98F3900D8A130 /* MinhasTarefasAPPTests.swift in Sources */ = {isa = PBXBuildFile; fileRef = AC1E8EFB29E98F3900D8A130 /* MinhasTarefasAPPTests.swift */; };
		AC1E8F0629E98F3900D8A130 /* MinhasTarefasAPPUITests.swift in Sources */ = {isa = PBXBuildFile; fileRef = AC1E8F0529E98F3900D8A130 /* MinhasTarefasAPPUITests.swift */; };
		AC1E8F0829E98F3900D8A130 /* MinhasTarefasAPPUITestsLaunchTests.swift in Sources */ = {isa = PBXBuildFile; fileRef = AC1E8F0729E98F3900D8A130 /* MinhasTarefasAPPUITestsLaunchTests.swift */; };
		AC1E8F1B29E9909A00D8A130 /* LoginViewController.swift in Sources */ = {isa = PBXBuildFile; fileRef = AC1E8F1A29E9909A00D8A130 /* LoginViewController.swift */; };
		AC1E8F1D29E990B900D8A130 /* LoginView.swift in Sources */ = {isa = PBXBuildFile; fileRef = AC1E8F1C29E990B900D8A130 /* LoginView.swift */; };
		AC1E8F1F29E9923000D8A130 /* TabBarController.swift in Sources */ = {isa = PBXBuildFile; fileRef = AC1E8F1E29E9923000D8A130 /* TabBarController.swift */; };
		AC1E8F2429E992A200D8A130 /* HomeView.swift in Sources */ = {isa = PBXBuildFile; fileRef = AC1E8F2329E992A200D8A130 /* HomeView.swift */; };
		AC1E8F2629E992D400D8A130 /* HomeViewController.swift in Sources */ = {isa = PBXBuildFile; fileRef = AC1E8F2529E992D400D8A130 /* HomeViewController.swift */; };
		AC1E8F2B29E9935900D8A130 /* AddTarefasView.swift in Sources */ = {isa = PBXBuildFile; fileRef = AC1E8F2A29E9935900D8A130 /* AddTarefasView.swift */; };
		AC1E8F2D29E9937400D8A130 /* AddTarefasViewController.swift in Sources */ = {isa = PBXBuildFile; fileRef = AC1E8F2C29E9937400D8A130 /* AddTarefasViewController.swift */; };
		AC1E8F3229E9943E00D8A130 /* AddTarefasCollectionViewCell.swift in Sources */ = {isa = PBXBuildFile; fileRef = AC1E8F3129E9943E00D8A130 /* AddTarefasCollectionViewCell.swift */; };
		AC1E8F3629E994DA00D8A130 /* TarefasCriadasTableViewCell.swift in Sources */ = {isa = PBXBuildFile; fileRef = AC1E8F3529E994DA00D8A130 /* TarefasCriadasTableViewCell.swift */; };
		AC1E8F3829E9958000D8A130 /* AddTarefasCollectionViewCellView.swift in Sources */ = {isa = PBXBuildFile; fileRef = AC1E8F3729E9958000D8A130 /* AddTarefasCollectionViewCellView.swift */; };
		AC1E8F4029E9964000D8A130 /* CadastroView.swift in Sources */ = {isa = PBXBuildFile; fileRef = AC1E8F3F29E9964000D8A130 /* CadastroView.swift */; };
		AC1E8F4329E9968800D8A130 /* CadastroViewController.swift in Sources */ = {isa = PBXBuildFile; fileRef = AC1E8F4229E9968800D8A130 /* CadastroViewController.swift */; };
		AC1E8F4629E996DC00D8A130 /* Alert.swift in Sources */ = {isa = PBXBuildFile; fileRef = AC1E8F4529E996DC00D8A130 /* Alert.swift */; };
		AC1E8F4829E9970C00D8A130 /* AlertPop.swift in Sources */ = {isa = PBXBuildFile; fileRef = AC1E8F4729E9970C00D8A130 /* AlertPop.swift */; };
		AC1E8F4B29E99C8B00D8A130 /* GoogleService-Info.plist in Resources */ = {isa = PBXBuildFile; fileRef = AC1E8F4A29E99C8B00D8A130 /* GoogleService-Info.plist */; };
		AC4F34362A000A3A00C65C93 /* DetailsTasksView.swift in Sources */ = {isa = PBXBuildFile; fileRef = AC4F34352A000A3A00C65C93 /* DetailsTasksView.swift */; };
		AC4F343A2A000A6E00C65C93 /* DetailsTasksViewController.swift in Sources */ = {isa = PBXBuildFile; fileRef = AC4F34392A000A6E00C65C93 /* DetailsTasksViewController.swift */; };
		AC4F343D2A000BAA00C65C93 /* UserDataModel.swift in Sources */ = {isa = PBXBuildFile; fileRef = AC4F343C2A000BAA00C65C93 /* UserDataModel.swift */; };
		AC4F343F2A0012FF00C65C93 /* TaskModel.swift in Sources */ = {isa = PBXBuildFile; fileRef = AC4F343E2A0012FF00C65C93 /* TaskModel.swift */; };
		AC598CBB2A099BFD0098D620 /* DateTasksCollectionViewCell.swift in Sources */ = {isa = PBXBuildFile; fileRef = AC598CBA2A099BFD0098D620 /* DateTasksCollectionViewCell.swift */; };
		AC598CBE2A09DBCB0098D620 /* HomeHeaderView.swift in Sources */ = {isa = PBXBuildFile; fileRef = AC598CBD2A09DBCB0098D620 /* HomeHeaderView.swift */; };
		AC598CC12A09E6310098D620 /* UIView.swift in Sources */ = {isa = PBXBuildFile; fileRef = AC598CC02A09E6310098D620 /* UIView.swift */; };
		AC73DE172A02A85300750AD4 /* UserRepository.swift in Sources */ = {isa = PBXBuildFile; fileRef = AC73DE162A02A85300750AD4 /* UserRepository.swift */; };
		AC9E185E29E9D3270016A773 /* FirebaseAuth in Frameworks */ = {isa = PBXBuildFile; productRef = AC9E185D29E9D3270016A773 /* FirebaseAuth */; };
		AC9E186029E9D3270016A773 /* FirebaseAuthCombine-Community in Frameworks */ = {isa = PBXBuildFile; productRef = AC9E185F29E9D3270016A773 /* FirebaseAuthCombine-Community */; };
		AC9E186229E9D3270016A773 /* FirebaseCrashlytics in Frameworks */ = {isa = PBXBuildFile; productRef = AC9E186129E9D3270016A773 /* FirebaseCrashlytics */; };
		AC9E186429E9D3270016A773 /* FirebaseFirestore in Frameworks */ = {isa = PBXBuildFile; productRef = AC9E186329E9D3270016A773 /* FirebaseFirestore */; };
		AC9E186629E9D3270016A773 /* FirebaseFirestoreCombine-Community in Frameworks */ = {isa = PBXBuildFile; productRef = AC9E186529E9D3270016A773 /* FirebaseFirestoreCombine-Community */; };
		AC9E186829E9D3270016A773 /* FirebaseFirestoreSwift in Frameworks */ = {isa = PBXBuildFile; productRef = AC9E186729E9D3270016A773 /* FirebaseFirestoreSwift */; };
		AC9E186A29E9D3270016A773 /* FirebaseStorage in Frameworks */ = {isa = PBXBuildFile; productRef = AC9E186929E9D3270016A773 /* FirebaseStorage */; };
		AC9E186C29E9D3270016A773 /* FirebaseStorageCombine-Community in Frameworks */ = {isa = PBXBuildFile; productRef = AC9E186B29E9D3270016A773 /* FirebaseStorageCombine-Community */; };
		AC9E186E29E9D65C0016A773 /* CadastroViewModel.swift in Sources */ = {isa = PBXBuildFile; fileRef = AC9E186D29E9D65C0016A773 /* CadastroViewModel.swift */; };
		AC9E187129EA1D460016A773 /* LoginViewModel.swift in Sources */ = {isa = PBXBuildFile; fileRef = AC9E187029EA1D460016A773 /* LoginViewModel.swift */; };
		AC9E187429EA25000016A773 /* HomeViewModel.swift in Sources */ = {isa = PBXBuildFile; fileRef = AC9E187329EA25000016A773 /* HomeViewModel.swift */; };
		ACA98A8A29F3023600570216 /* AddTarefasViewModel.swift in Sources */ = {isa = PBXBuildFile; fileRef = ACA98A8929F3023600570216 /* AddTarefasViewModel.swift */; };
		ACD348DB2A030B27003ED92E /* DetailsTasksViewModel.swift in Sources */ = {isa = PBXBuildFile; fileRef = ACD348DA2A030B27003ED92E /* DetailsTasksViewModel.swift */; };
		ACFF3B7D29FAEB5800C54C44 /* PerfilViewController.swift in Sources */ = {isa = PBXBuildFile; fileRef = ACFF3B7C29FAEB5800C54C44 /* PerfilViewController.swift */; };
		ACFF3B7F29FAEB7700C54C44 /* PerfilVIew.swift in Sources */ = {isa = PBXBuildFile; fileRef = ACFF3B7E29FAEB7700C54C44 /* PerfilVIew.swift */; };
		ACFF3B8129FB481100C54C44 /* PerfilViewModel.swift in Sources */ = {isa = PBXBuildFile; fileRef = ACFF3B8029FB481100C54C44 /* PerfilViewModel.swift */; };
		CB6158D403AFEC085375B4E8 /* Pods_MinhasTarefasAPPTests.framework in Frameworks */ = {isa = PBXBuildFile; fileRef = 2B087EAFC1139B3874D03E61 /* Pods_MinhasTarefasAPPTests.framework */; };
		D67FDB41908710E73373A4AC /* Pods_MinhasTarefasAPP_MinhasTarefasAPPUITests.framework in Frameworks */ = {isa = PBXBuildFile; fileRef = CC027C357A8AAB0CEDC481AE /* Pods_MinhasTarefasAPP_MinhasTarefasAPPUITests.framework */; };
/* End PBXBuildFile section */

/* Begin PBXContainerItemProxy section */
		AC1E8EF829E98F3900D8A130 /* PBXContainerItemProxy */ = {
			isa = PBXContainerItemProxy;
			containerPortal = AC1E8ED929E98F3800D8A130 /* Project object */;
			proxyType = 1;
			remoteGlobalIDString = AC1E8EE029E98F3800D8A130;
			remoteInfo = MinhasTarefasAPP;
		};
		AC1E8F0229E98F3900D8A130 /* PBXContainerItemProxy */ = {
			isa = PBXContainerItemProxy;
			containerPortal = AC1E8ED929E98F3800D8A130 /* Project object */;
			proxyType = 1;
			remoteGlobalIDString = AC1E8EE029E98F3800D8A130;
			remoteInfo = MinhasTarefasAPP;
		};
/* End PBXContainerItemProxy section */

/* Begin PBXFileReference section */
		10DCB271569A9AD0F7EEE9E5 /* Pods-MinhasTarefasAPP-MinhasTarefasAPPUITests.debug.xcconfig */ = {isa = PBXFileReference; includeInIndex = 1; lastKnownFileType = text.xcconfig; name = "Pods-MinhasTarefasAPP-MinhasTarefasAPPUITests.debug.xcconfig"; path = "Target Support Files/Pods-MinhasTarefasAPP-MinhasTarefasAPPUITests/Pods-MinhasTarefasAPP-MinhasTarefasAPPUITests.debug.xcconfig"; sourceTree = "<group>"; };
		161124AF01E49806E3E4FA71 /* Pods-MinhasTarefasAPPTests.release.xcconfig */ = {isa = PBXFileReference; includeInIndex = 1; lastKnownFileType = text.xcconfig; name = "Pods-MinhasTarefasAPPTests.release.xcconfig"; path = "Target Support Files/Pods-MinhasTarefasAPPTests/Pods-MinhasTarefasAPPTests.release.xcconfig"; sourceTree = "<group>"; };
		2B087EAFC1139B3874D03E61 /* Pods_MinhasTarefasAPPTests.framework */ = {isa = PBXFileReference; explicitFileType = wrapper.framework; includeInIndex = 0; path = Pods_MinhasTarefasAPPTests.framework; sourceTree = BUILT_PRODUCTS_DIR; };
		8C56E9519808DD28F7A0A0DE /* Pods-MinhasTarefasAPP.release.xcconfig */ = {isa = PBXFileReference; includeInIndex = 1; lastKnownFileType = text.xcconfig; name = "Pods-MinhasTarefasAPP.release.xcconfig"; path = "Target Support Files/Pods-MinhasTarefasAPP/Pods-MinhasTarefasAPP.release.xcconfig"; sourceTree = "<group>"; };
		8DD9F878BDADA55CD4D54B0A /* Pods-MinhasTarefasAPP.debug.xcconfig */ = {isa = PBXFileReference; includeInIndex = 1; lastKnownFileType = text.xcconfig; name = "Pods-MinhasTarefasAPP.debug.xcconfig"; path = "Target Support Files/Pods-MinhasTarefasAPP/Pods-MinhasTarefasAPP.debug.xcconfig"; sourceTree = "<group>"; };
		904F69CE50CBF4DE278FD7FE /* Pods-MinhasTarefasAPP-MinhasTarefasAPPUITests.release.xcconfig */ = {isa = PBXFileReference; includeInIndex = 1; lastKnownFileType = text.xcconfig; name = "Pods-MinhasTarefasAPP-MinhasTarefasAPPUITests.release.xcconfig"; path = "Target Support Files/Pods-MinhasTarefasAPP-MinhasTarefasAPPUITests/Pods-MinhasTarefasAPP-MinhasTarefasAPPUITests.release.xcconfig"; sourceTree = "<group>"; };
		959A657B784DDEC53654666A /* Pods_MinhasTarefasAPP.framework */ = {isa = PBXFileReference; explicitFileType = wrapper.framework; includeInIndex = 0; path = Pods_MinhasTarefasAPP.framework; sourceTree = BUILT_PRODUCTS_DIR; };
		AC00EE5229F4118100F228A1 /* AddTarefasCellViewModel.swift */ = {isa = PBXFileReference; lastKnownFileType = sourcecode.swift; path = AddTarefasCellViewModel.swift; sourceTree = "<group>"; };
		AC1E8EE129E98F3800D8A130 /* MinhasTarefasAPP.app */ = {isa = PBXFileReference; explicitFileType = wrapper.application; includeInIndex = 0; path = MinhasTarefasAPP.app; sourceTree = BUILT_PRODUCTS_DIR; };
		AC1E8EE429E98F3800D8A130 /* AppDelegate.swift */ = {isa = PBXFileReference; lastKnownFileType = sourcecode.swift; path = AppDelegate.swift; sourceTree = "<group>"; };
		AC1E8EE629E98F3800D8A130 /* SceneDelegate.swift */ = {isa = PBXFileReference; lastKnownFileType = sourcecode.swift; path = SceneDelegate.swift; sourceTree = "<group>"; };
		AC1E8EED29E98F3900D8A130 /* Assets.xcassets */ = {isa = PBXFileReference; lastKnownFileType = folder.assetcatalog; path = Assets.xcassets; sourceTree = "<group>"; };
		AC1E8EF029E98F3900D8A130 /* Base */ = {isa = PBXFileReference; lastKnownFileType = file.storyboard; name = Base; path = Base.lproj/LaunchScreen.storyboard; sourceTree = "<group>"; };
		AC1E8EF229E98F3900D8A130 /* Info.plist */ = {isa = PBXFileReference; lastKnownFileType = text.plist.xml; path = Info.plist; sourceTree = "<group>"; };
		AC1E8EF729E98F3900D8A130 /* MinhasTarefasAPPTests.xctest */ = {isa = PBXFileReference; explicitFileType = wrapper.cfbundle; includeInIndex = 0; path = MinhasTarefasAPPTests.xctest; sourceTree = BUILT_PRODUCTS_DIR; };
		AC1E8EFB29E98F3900D8A130 /* MinhasTarefasAPPTests.swift */ = {isa = PBXFileReference; lastKnownFileType = sourcecode.swift; path = MinhasTarefasAPPTests.swift; sourceTree = "<group>"; };
		AC1E8F0129E98F3900D8A130 /* MinhasTarefasAPPUITests.xctest */ = {isa = PBXFileReference; explicitFileType = wrapper.cfbundle; includeInIndex = 0; path = MinhasTarefasAPPUITests.xctest; sourceTree = BUILT_PRODUCTS_DIR; };
		AC1E8F0529E98F3900D8A130 /* MinhasTarefasAPPUITests.swift */ = {isa = PBXFileReference; lastKnownFileType = sourcecode.swift; path = MinhasTarefasAPPUITests.swift; sourceTree = "<group>"; };
		AC1E8F0729E98F3900D8A130 /* MinhasTarefasAPPUITestsLaunchTests.swift */ = {isa = PBXFileReference; lastKnownFileType = sourcecode.swift; path = MinhasTarefasAPPUITestsLaunchTests.swift; sourceTree = "<group>"; };
		AC1E8F1A29E9909A00D8A130 /* LoginViewController.swift */ = {isa = PBXFileReference; lastKnownFileType = sourcecode.swift; path = LoginViewController.swift; sourceTree = "<group>"; };
		AC1E8F1C29E990B900D8A130 /* LoginView.swift */ = {isa = PBXFileReference; lastKnownFileType = sourcecode.swift; path = LoginView.swift; sourceTree = "<group>"; };
		AC1E8F1E29E9923000D8A130 /* TabBarController.swift */ = {isa = PBXFileReference; lastKnownFileType = sourcecode.swift; path = TabBarController.swift; sourceTree = "<group>"; };
		AC1E8F2329E992A200D8A130 /* HomeView.swift */ = {isa = PBXFileReference; lastKnownFileType = sourcecode.swift; path = HomeView.swift; sourceTree = "<group>"; };
		AC1E8F2529E992D400D8A130 /* HomeViewController.swift */ = {isa = PBXFileReference; lastKnownFileType = sourcecode.swift; path = HomeViewController.swift; sourceTree = "<group>"; };
		AC1E8F2A29E9935900D8A130 /* AddTarefasView.swift */ = {isa = PBXFileReference; lastKnownFileType = sourcecode.swift; path = AddTarefasView.swift; sourceTree = "<group>"; };
		AC1E8F2C29E9937400D8A130 /* AddTarefasViewController.swift */ = {isa = PBXFileReference; lastKnownFileType = sourcecode.swift; path = AddTarefasViewController.swift; sourceTree = "<group>"; };
		AC1E8F3129E9943E00D8A130 /* AddTarefasCollectionViewCell.swift */ = {isa = PBXFileReference; lastKnownFileType = sourcecode.swift; path = AddTarefasCollectionViewCell.swift; sourceTree = "<group>"; };
		AC1E8F3529E994DA00D8A130 /* TarefasCriadasTableViewCell.swift */ = {isa = PBXFileReference; lastKnownFileType = sourcecode.swift; path = TarefasCriadasTableViewCell.swift; sourceTree = "<group>"; };
		AC1E8F3729E9958000D8A130 /* AddTarefasCollectionViewCellView.swift */ = {isa = PBXFileReference; lastKnownFileType = sourcecode.swift; path = AddTarefasCollectionViewCellView.swift; sourceTree = "<group>"; };
		AC1E8F3F29E9964000D8A130 /* CadastroView.swift */ = {isa = PBXFileReference; lastKnownFileType = sourcecode.swift; path = CadastroView.swift; sourceTree = "<group>"; };
		AC1E8F4229E9968800D8A130 /* CadastroViewController.swift */ = {isa = PBXFileReference; lastKnownFileType = sourcecode.swift; path = CadastroViewController.swift; sourceTree = "<group>"; };
		AC1E8F4529E996DC00D8A130 /* Alert.swift */ = {isa = PBXFileReference; lastKnownFileType = sourcecode.swift; path = Alert.swift; sourceTree = "<group>"; };
		AC1E8F4729E9970C00D8A130 /* AlertPop.swift */ = {isa = PBXFileReference; lastKnownFileType = sourcecode.swift; path = AlertPop.swift; sourceTree = "<group>"; };
		AC1E8F4A29E99C8B00D8A130 /* GoogleService-Info.plist */ = {isa = PBXFileReference; fileEncoding = 4; lastKnownFileType = text.plist.xml; path = "GoogleService-Info.plist"; sourceTree = "<group>"; };
		AC4F34352A000A3A00C65C93 /* DetailsTasksView.swift */ = {isa = PBXFileReference; lastKnownFileType = sourcecode.swift; path = DetailsTasksView.swift; sourceTree = "<group>"; };
		AC4F34392A000A6E00C65C93 /* DetailsTasksViewController.swift */ = {isa = PBXFileReference; lastKnownFileType = sourcecode.swift; path = DetailsTasksViewController.swift; sourceTree = "<group>"; };
		AC4F343C2A000BAA00C65C93 /* UserDataModel.swift */ = {isa = PBXFileReference; lastKnownFileType = sourcecode.swift; path = UserDataModel.swift; sourceTree = "<group>"; };
		AC4F343E2A0012FF00C65C93 /* TaskModel.swift */ = {isa = PBXFileReference; lastKnownFileType = sourcecode.swift; path = TaskModel.swift; sourceTree = "<group>"; };
		AC598CBA2A099BFD0098D620 /* DateTasksCollectionViewCell.swift */ = {isa = PBXFileReference; lastKnownFileType = sourcecode.swift; path = DateTasksCollectionViewCell.swift; sourceTree = "<group>"; };
		AC598CBD2A09DBCB0098D620 /* HomeHeaderView.swift */ = {isa = PBXFileReference; lastKnownFileType = sourcecode.swift; path = HomeHeaderView.swift; sourceTree = "<group>"; };
		AC598CC02A09E6310098D620 /* UIView.swift */ = {isa = PBXFileReference; lastKnownFileType = sourcecode.swift; path = UIView.swift; sourceTree = "<group>"; };
		AC73DE162A02A85300750AD4 /* UserRepository.swift */ = {isa = PBXFileReference; lastKnownFileType = sourcecode.swift; path = UserRepository.swift; sourceTree = "<group>"; };
		AC9E186D29E9D65C0016A773 /* CadastroViewModel.swift */ = {isa = PBXFileReference; lastKnownFileType = sourcecode.swift; path = CadastroViewModel.swift; sourceTree = "<group>"; };
		AC9E187029EA1D460016A773 /* LoginViewModel.swift */ = {isa = PBXFileReference; lastKnownFileType = sourcecode.swift; path = LoginViewModel.swift; sourceTree = "<group>"; };
		AC9E187329EA25000016A773 /* HomeViewModel.swift */ = {isa = PBXFileReference; lastKnownFileType = sourcecode.swift; path = HomeViewModel.swift; sourceTree = "<group>"; };
		ACA98A8929F3023600570216 /* AddTarefasViewModel.swift */ = {isa = PBXFileReference; lastKnownFileType = sourcecode.swift; path = AddTarefasViewModel.swift; sourceTree = "<group>"; };
		ACD348DA2A030B27003ED92E /* DetailsTasksViewModel.swift */ = {isa = PBXFileReference; lastKnownFileType = sourcecode.swift; path = DetailsTasksViewModel.swift; sourceTree = "<group>"; };
		ACFF3B7C29FAEB5800C54C44 /* PerfilViewController.swift */ = {isa = PBXFileReference; lastKnownFileType = sourcecode.swift; path = PerfilViewController.swift; sourceTree = "<group>"; };
		ACFF3B7E29FAEB7700C54C44 /* PerfilVIew.swift */ = {isa = PBXFileReference; lastKnownFileType = sourcecode.swift; path = PerfilVIew.swift; sourceTree = "<group>"; };
		ACFF3B8029FB481100C54C44 /* PerfilViewModel.swift */ = {isa = PBXFileReference; lastKnownFileType = sourcecode.swift; path = PerfilViewModel.swift; sourceTree = "<group>"; };
		CC027C357A8AAB0CEDC481AE /* Pods_MinhasTarefasAPP_MinhasTarefasAPPUITests.framework */ = {isa = PBXFileReference; explicitFileType = wrapper.framework; includeInIndex = 0; path = Pods_MinhasTarefasAPP_MinhasTarefasAPPUITests.framework; sourceTree = BUILT_PRODUCTS_DIR; };
		E789481FAE5C44800F912FB5 /* Pods-MinhasTarefasAPPTests.debug.xcconfig */ = {isa = PBXFileReference; includeInIndex = 1; lastKnownFileType = text.xcconfig; name = "Pods-MinhasTarefasAPPTests.debug.xcconfig"; path = "Target Support Files/Pods-MinhasTarefasAPPTests/Pods-MinhasTarefasAPPTests.debug.xcconfig"; sourceTree = "<group>"; };
/* End PBXFileReference section */

/* Begin PBXFrameworksBuildPhase section */
		AC1E8EDE29E98F3800D8A130 /* Frameworks */ = {
			isa = PBXFrameworksBuildPhase;
			buildActionMask = 2147483647;
			files = (
				AC9E186229E9D3270016A773 /* FirebaseCrashlytics in Frameworks */,
				AC9E186429E9D3270016A773 /* FirebaseFirestore in Frameworks */,
				AC9E186C29E9D3270016A773 /* FirebaseStorageCombine-Community in Frameworks */,
				AC9E185E29E9D3270016A773 /* FirebaseAuth in Frameworks */,
				AC9E186629E9D3270016A773 /* FirebaseFirestoreCombine-Community in Frameworks */,
				AC9E186A29E9D3270016A773 /* FirebaseStorage in Frameworks */,
				AC9E186029E9D3270016A773 /* FirebaseAuthCombine-Community in Frameworks */,
				AC9E186829E9D3270016A773 /* FirebaseFirestoreSwift in Frameworks */,
				143695670700EDDD43877A4B /* Pods_MinhasTarefasAPP.framework in Frameworks */,
			);
			runOnlyForDeploymentPostprocessing = 0;
		};
		AC1E8EF429E98F3900D8A130 /* Frameworks */ = {
			isa = PBXFrameworksBuildPhase;
			buildActionMask = 2147483647;
			files = (
				CB6158D403AFEC085375B4E8 /* Pods_MinhasTarefasAPPTests.framework in Frameworks */,
			);
			runOnlyForDeploymentPostprocessing = 0;
		};
		AC1E8EFE29E98F3900D8A130 /* Frameworks */ = {
			isa = PBXFrameworksBuildPhase;
			buildActionMask = 2147483647;
			files = (
				D67FDB41908710E73373A4AC /* Pods_MinhasTarefasAPP_MinhasTarefasAPPUITests.framework in Frameworks */,
			);
			runOnlyForDeploymentPostprocessing = 0;
		};
/* End PBXFrameworksBuildPhase section */

/* Begin PBXGroup section */
		6B510C10B50936D071789E08 /* Pods */ = {
			isa = PBXGroup;
			children = (
				8DD9F878BDADA55CD4D54B0A /* Pods-MinhasTarefasAPP.debug.xcconfig */,
				8C56E9519808DD28F7A0A0DE /* Pods-MinhasTarefasAPP.release.xcconfig */,
				10DCB271569A9AD0F7EEE9E5 /* Pods-MinhasTarefasAPP-MinhasTarefasAPPUITests.debug.xcconfig */,
				904F69CE50CBF4DE278FD7FE /* Pods-MinhasTarefasAPP-MinhasTarefasAPPUITests.release.xcconfig */,
				E789481FAE5C44800F912FB5 /* Pods-MinhasTarefasAPPTests.debug.xcconfig */,
				161124AF01E49806E3E4FA71 /* Pods-MinhasTarefasAPPTests.release.xcconfig */,
			);
			path = Pods;
			sourceTree = "<group>";
		};
		96FF928E96860A46F53DDD4D /* Frameworks */ = {
			isa = PBXGroup;
			children = (
				959A657B784DDEC53654666A /* Pods_MinhasTarefasAPP.framework */,
				CC027C357A8AAB0CEDC481AE /* Pods_MinhasTarefasAPP_MinhasTarefasAPPUITests.framework */,
				2B087EAFC1139B3874D03E61 /* Pods_MinhasTarefasAPPTests.framework */,
			);
			name = Frameworks;
			sourceTree = "<group>";
		};
		AC00EE5129F4116100F228A1 /* ViewModel */ = {
			isa = PBXGroup;
			children = (
				AC00EE5229F4118100F228A1 /* AddTarefasCellViewModel.swift */,
			);
			path = ViewModel;
			sourceTree = "<group>";
		};
		AC1E8ED829E98F3800D8A130 = {
			isa = PBXGroup;
			children = (
				AC1E8EE329E98F3800D8A130 /* MinhasTarefasAPP */,
				AC1E8EFA29E98F3900D8A130 /* MinhasTarefasAPPTests */,
				AC1E8F0429E98F3900D8A130 /* MinhasTarefasAPPUITests */,
				AC1E8EE229E98F3800D8A130 /* Products */,
				6B510C10B50936D071789E08 /* Pods */,
				96FF928E96860A46F53DDD4D /* Frameworks */,
			);
			sourceTree = "<group>";
		};
		AC1E8EE229E98F3800D8A130 /* Products */ = {
			isa = PBXGroup;
			children = (
				AC1E8EE129E98F3800D8A130 /* MinhasTarefasAPP.app */,
				AC1E8EF729E98F3900D8A130 /* MinhasTarefasAPPTests.xctest */,
				AC1E8F0129E98F3900D8A130 /* MinhasTarefasAPPUITests.xctest */,
			);
			name = Products;
			sourceTree = "<group>";
		};
		AC1E8EE329E98F3800D8A130 /* MinhasTarefasAPP */ = {
			isa = PBXGroup;
			children = (
				AC598CBF2A09E53A0098D620 /* Extension */,
				AC1E8F1629E9902700D8A130 /* Features */,
				AC1E8F1529E9901A00D8A130 /* TabBar */,
				AC1E8F1429E9900800D8A130 /* Utils */,
				AC1E8EE429E98F3800D8A130 /* AppDelegate.swift */,
				AC1E8EE629E98F3800D8A130 /* SceneDelegate.swift */,
				AC1E8EED29E98F3900D8A130 /* Assets.xcassets */,
				AC1E8F4A29E99C8B00D8A130 /* GoogleService-Info.plist */,
				AC1E8EEF29E98F3900D8A130 /* LaunchScreen.storyboard */,
				AC1E8EF229E98F3900D8A130 /* Info.plist */,
			);
			path = MinhasTarefasAPP;
			sourceTree = "<group>";
		};
		AC1E8EFA29E98F3900D8A130 /* MinhasTarefasAPPTests */ = {
			isa = PBXGroup;
			children = (
				AC1E8EFB29E98F3900D8A130 /* MinhasTarefasAPPTests.swift */,
			);
			path = MinhasTarefasAPPTests;
			sourceTree = "<group>";
		};
		AC1E8F0429E98F3900D8A130 /* MinhasTarefasAPPUITests */ = {
			isa = PBXGroup;
			children = (
				AC1E8F0529E98F3900D8A130 /* MinhasTarefasAPPUITests.swift */,
				AC1E8F0729E98F3900D8A130 /* MinhasTarefasAPPUITestsLaunchTests.swift */,
			);
			path = MinhasTarefasAPPUITests;
			sourceTree = "<group>";
		};
		AC1E8F1429E9900800D8A130 /* Utils */ = {
			isa = PBXGroup;
			children = (
				AC1E8F4429E996C800D8A130 /* Alert */,
			);
			path = Utils;
			sourceTree = "<group>";
		};
		AC1E8F1529E9901A00D8A130 /* TabBar */ = {
			isa = PBXGroup;
			children = (
				AC1E8F1E29E9923000D8A130 /* TabBarController.swift */,
			);
			path = TabBar;
			sourceTree = "<group>";
		};
		AC1E8F1629E9902700D8A130 /* Features */ = {
			isa = PBXGroup;
			children = (
				AC73DE152A02A83400750AD4 /* Repository */,
				AC4F343B2A000B9000C65C93 /* Models */,
				AC4F34342A000A0300C65C93 /* DetailsTasks */,
				ACFF3B7829FAEB0600C54C44 /* Perfil */,
				AC1E8F3B29E995FB00D8A130 /* Cadastro */,
				AC1E8F2E29E993ED00D8A130 /* Cells */,
				AC1E8F2729E9932A00D8A130 /* AddTarefas */,
				AC1E8F2029E9925800D8A130 /* Home */,
				AC1E8F1729E9904E00D8A130 /* Login */,
			);
			path = Features;
			sourceTree = "<group>";
		};
		AC1E8F1729E9904E00D8A130 /* Login */ = {
			isa = PBXGroup;
			children = (
				AC9E186F29EA1D2F0016A773 /* ViewModel */,
				AC1E8F1929E9906200D8A130 /* View */,
				AC1E8F1829E9905900D8A130 /* ViewController */,
			);
			path = Login;
			sourceTree = "<group>";
		};
		AC1E8F1829E9905900D8A130 /* ViewController */ = {
			isa = PBXGroup;
			children = (
				AC1E8F1A29E9909A00D8A130 /* LoginViewController.swift */,
			);
			path = ViewController;
			sourceTree = "<group>";
		};
		AC1E8F1929E9906200D8A130 /* View */ = {
			isa = PBXGroup;
			children = (
				AC1E8F1C29E990B900D8A130 /* LoginView.swift */,
			);
			path = View;
			sourceTree = "<group>";
		};
		AC1E8F2029E9925800D8A130 /* Home */ = {
			isa = PBXGroup;
			children = (
				AC598CBC2A09DB7F0098D620 /* Componentes */,
				AC9E187229EA24ED0016A773 /* ViewModel */,
				AC1E8F2229E9927100D8A130 /* View */,
				AC1E8F2129E9926200D8A130 /* ViewContoller */,
			);
			path = Home;
			sourceTree = "<group>";
		};
		AC1E8F2129E9926200D8A130 /* ViewContoller */ = {
			isa = PBXGroup;
			children = (
				AC1E8F2529E992D400D8A130 /* HomeViewController.swift */,
			);
			path = ViewContoller;
			sourceTree = "<group>";
		};
		AC1E8F2229E9927100D8A130 /* View */ = {
			isa = PBXGroup;
			children = (
				AC1E8F2329E992A200D8A130 /* HomeView.swift */,
			);
			path = View;
			sourceTree = "<group>";
		};
		AC1E8F2729E9932A00D8A130 /* AddTarefas */ = {
			isa = PBXGroup;
			children = (
				ACA98A8829F3021500570216 /* ViewModel */,
				AC1E8F2929E9933D00D8A130 /* View */,
				AC1E8F2829E9933500D8A130 /* ViewController */,
			);
			path = AddTarefas;
			sourceTree = "<group>";
		};
		AC1E8F2829E9933500D8A130 /* ViewController */ = {
			isa = PBXGroup;
			children = (
				AC1E8F2C29E9937400D8A130 /* AddTarefasViewController.swift */,
			);
			path = ViewController;
			sourceTree = "<group>";
		};
		AC1E8F2929E9933D00D8A130 /* View */ = {
			isa = PBXGroup;
			children = (
				AC1E8F2A29E9935900D8A130 /* AddTarefasView.swift */,
			);
			path = View;
			sourceTree = "<group>";
		};
		AC1E8F2E29E993ED00D8A130 /* Cells */ = {
			isa = PBXGroup;
			children = (
				AC598CB92A099BC60098D620 /* DateTasksCollectionViewCell */,
				AC1E8F3329E9948C00D8A130 /* TarefasCriadasTableViewCell */,
				AC1E8F2F29E9940600D8A130 /* AddTarefasCollectionViewCell */,
			);
			path = Cells;
			sourceTree = "<group>";
		};
		AC1E8F2F29E9940600D8A130 /* AddTarefasCollectionViewCell */ = {
			isa = PBXGroup;
			children = (
				AC00EE5129F4116100F228A1 /* ViewModel */,
				AC1E8F3129E9943E00D8A130 /* AddTarefasCollectionViewCell.swift */,
				AC1E8F3029E9940F00D8A130 /* VIew */,
			);
			path = AddTarefasCollectionViewCell;
			sourceTree = "<group>";
		};
		AC1E8F3029E9940F00D8A130 /* VIew */ = {
			isa = PBXGroup;
			children = (
				AC1E8F3729E9958000D8A130 /* AddTarefasCollectionViewCellView.swift */,
			);
			path = VIew;
			sourceTree = "<group>";
		};
		AC1E8F3329E9948C00D8A130 /* TarefasCriadasTableViewCell */ = {
			isa = PBXGroup;
			children = (
				AC1E8F3529E994DA00D8A130 /* TarefasCriadasTableViewCell.swift */,
			);
			path = TarefasCriadasTableViewCell;
			sourceTree = "<group>";
		};
		AC1E8F3B29E995FB00D8A130 /* Cadastro */ = {
			isa = PBXGroup;
			children = (
				AC1E8F3E29E9961900D8A130 /* ViewModel */,
				AC1E8F3D29E9960E00D8A130 /* View */,
				AC1E8F3C29E9960600D8A130 /* ViewController */,
			);
			path = Cadastro;
			sourceTree = "<group>";
		};
		AC1E8F3C29E9960600D8A130 /* ViewController */ = {
			isa = PBXGroup;
			children = (
				AC1E8F4229E9968800D8A130 /* CadastroViewController.swift */,
			);
			path = ViewController;
			sourceTree = "<group>";
		};
		AC1E8F3D29E9960E00D8A130 /* View */ = {
			isa = PBXGroup;
			children = (
				AC1E8F3F29E9964000D8A130 /* CadastroView.swift */,
			);
			path = View;
			sourceTree = "<group>";
		};
		AC1E8F3E29E9961900D8A130 /* ViewModel */ = {
			isa = PBXGroup;
			children = (
				AC9E186D29E9D65C0016A773 /* CadastroViewModel.swift */,
			);
			path = ViewModel;
			sourceTree = "<group>";
		};
		AC1E8F4429E996C800D8A130 /* Alert */ = {
			isa = PBXGroup;
			children = (
				AC1E8F4529E996DC00D8A130 /* Alert.swift */,
				AC1E8F4729E9970C00D8A130 /* AlertPop.swift */,
			);
			path = Alert;
			sourceTree = "<group>";
		};
		AC4F34342A000A0300C65C93 /* DetailsTasks */ = {
			isa = PBXGroup;
			children = (
				ACD348D92A030B0D003ED92E /* ViewModel */,
				AC4F34382A000A4B00C65C93 /* ViewController */,
				AC4F34372A000A4000C65C93 /* View */,
			);
			path = DetailsTasks;
			sourceTree = "<group>";
		};
		AC4F34372A000A4000C65C93 /* View */ = {
			isa = PBXGroup;
			children = (
				AC4F34352A000A3A00C65C93 /* DetailsTasksView.swift */,
			);
			path = View;
			sourceTree = "<group>";
		};
		AC4F34382A000A4B00C65C93 /* ViewController */ = {
			isa = PBXGroup;
			children = (
				AC4F34392A000A6E00C65C93 /* DetailsTasksViewController.swift */,
			);
			path = ViewController;
			sourceTree = "<group>";
		};
		AC4F343B2A000B9000C65C93 /* Models */ = {
			isa = PBXGroup;
			children = (
				AC4F343C2A000BAA00C65C93 /* UserDataModel.swift */,
				AC4F343E2A0012FF00C65C93 /* TaskModel.swift */,
			);
			path = Models;
			sourceTree = "<group>";
		};
		AC598CB92A099BC60098D620 /* DateTasksCollectionViewCell */ = {
			isa = PBXGroup;
			children = (
				AC6ABE6A2A0A994A006CC00C /* View */,
				AC598CBA2A099BFD0098D620 /* DateTasksCollectionViewCell.swift */,
			);
			path = DateTasksCollectionViewCell;
			sourceTree = "<group>";
		};
		AC598CBC2A09DB7F0098D620 /* Componentes */ = {
			isa = PBXGroup;
			children = (
				AC598CBD2A09DBCB0098D620 /* HomeHeaderView.swift */,
			);
			path = Componentes;
			sourceTree = "<group>";
		};
		AC598CBF2A09E53A0098D620 /* Extension */ = {
			isa = PBXGroup;
			children = (
				AC598CC02A09E6310098D620 /* UIView.swift */,
			);
			path = Extension;
			sourceTree = "<group>";
		};
		AC6ABE6A2A0A994A006CC00C /* View */ = {
			isa = PBXGroup;
			children = (
			);
			path = View;
			sourceTree = "<group>";
		};
		AC73DE152A02A83400750AD4 /* Repository */ = {
			isa = PBXGroup;
			children = (
				AC73DE162A02A85300750AD4 /* UserRepository.swift */,
			);
			path = Repository;
			sourceTree = "<group>";
		};
		AC9E186F29EA1D2F0016A773 /* ViewModel */ = {
			isa = PBXGroup;
			children = (
				AC9E187029EA1D460016A773 /* LoginViewModel.swift */,
			);
			path = ViewModel;
			sourceTree = "<group>";
		};
		AC9E187229EA24ED0016A773 /* ViewModel */ = {
			isa = PBXGroup;
			children = (
				AC9E187329EA25000016A773 /* HomeViewModel.swift */,
			);
			path = ViewModel;
			sourceTree = "<group>";
		};
		ACA98A8829F3021500570216 /* ViewModel */ = {
			isa = PBXGroup;
			children = (
				ACA98A8929F3023600570216 /* AddTarefasViewModel.swift */,
			);
			path = ViewModel;
			sourceTree = "<group>";
		};
		ACD348D92A030B0D003ED92E /* ViewModel */ = {
			isa = PBXGroup;
			children = (
				ACD348DA2A030B27003ED92E /* DetailsTasksViewModel.swift */,
			);
			path = ViewModel;
			sourceTree = "<group>";
		};
		ACFF3B7829FAEB0600C54C44 /* Perfil */ = {
			isa = PBXGroup;
			children = (
				ACFF3B7B29FAEB2600C54C44 /* ViewModel */,
				ACFF3B7A29FAEB1E00C54C44 /* View */,
				ACFF3B7929FAEB1200C54C44 /* ViewController */,
			);
			path = Perfil;
			sourceTree = "<group>";
		};
		ACFF3B7929FAEB1200C54C44 /* ViewController */ = {
			isa = PBXGroup;
			children = (
				ACFF3B7C29FAEB5800C54C44 /* PerfilViewController.swift */,
			);
			path = ViewController;
			sourceTree = "<group>";
		};
		ACFF3B7A29FAEB1E00C54C44 /* View */ = {
			isa = PBXGroup;
			children = (
				ACFF3B7E29FAEB7700C54C44 /* PerfilVIew.swift */,
			);
			path = View;
			sourceTree = "<group>";
		};
		ACFF3B7B29FAEB2600C54C44 /* ViewModel */ = {
			isa = PBXGroup;
			children = (
				ACFF3B8029FB481100C54C44 /* PerfilViewModel.swift */,
			);
			path = ViewModel;
			sourceTree = "<group>";
		};
/* End PBXGroup section */

/* Begin PBXNativeTarget section */
		AC1E8EE029E98F3800D8A130 /* MinhasTarefasAPP */ = {
			isa = PBXNativeTarget;
			buildConfigurationList = AC1E8F0B29E98F3900D8A130 /* Build configuration list for PBXNativeTarget "MinhasTarefasAPP" */;
			buildPhases = (
				469976C9BD7BDD78D0ACBB8E /* [CP] Check Pods Manifest.lock */,
				AC1E8EDD29E98F3800D8A130 /* Sources */,
				AC1E8EDE29E98F3800D8A130 /* Frameworks */,
				AC1E8EDF29E98F3800D8A130 /* Resources */,
				EF3B580E83C41FAB996EAE7F /* [CP] Embed Pods Frameworks */,
			);
			buildRules = (
			);
			dependencies = (
			);
			name = MinhasTarefasAPP;
			packageProductDependencies = (
				AC9E185D29E9D3270016A773 /* FirebaseAuth */,
				AC9E185F29E9D3270016A773 /* FirebaseAuthCombine-Community */,
				AC9E186129E9D3270016A773 /* FirebaseCrashlytics */,
				AC9E186329E9D3270016A773 /* FirebaseFirestore */,
				AC9E186529E9D3270016A773 /* FirebaseFirestoreCombine-Community */,
				AC9E186729E9D3270016A773 /* FirebaseFirestoreSwift */,
				AC9E186929E9D3270016A773 /* FirebaseStorage */,
				AC9E186B29E9D3270016A773 /* FirebaseStorageCombine-Community */,
			);
			productName = MinhasTarefasAPP;
			productReference = AC1E8EE129E98F3800D8A130 /* MinhasTarefasAPP.app */;
			productType = "com.apple.product-type.application";
		};
		AC1E8EF629E98F3900D8A130 /* MinhasTarefasAPPTests */ = {
			isa = PBXNativeTarget;
			buildConfigurationList = AC1E8F0E29E98F3900D8A130 /* Build configuration list for PBXNativeTarget "MinhasTarefasAPPTests" */;
			buildPhases = (
				288BE96DE8EC64FC72BC5BB6 /* [CP] Check Pods Manifest.lock */,
				AC1E8EF329E98F3900D8A130 /* Sources */,
				AC1E8EF429E98F3900D8A130 /* Frameworks */,
				AC1E8EF529E98F3900D8A130 /* Resources */,
			);
			buildRules = (
			);
			dependencies = (
				AC1E8EF929E98F3900D8A130 /* PBXTargetDependency */,
			);
			name = MinhasTarefasAPPTests;
			productName = MinhasTarefasAPPTests;
			productReference = AC1E8EF729E98F3900D8A130 /* MinhasTarefasAPPTests.xctest */;
			productType = "com.apple.product-type.bundle.unit-test";
		};
		AC1E8F0029E98F3900D8A130 /* MinhasTarefasAPPUITests */ = {
			isa = PBXNativeTarget;
			buildConfigurationList = AC1E8F1129E98F3900D8A130 /* Build configuration list for PBXNativeTarget "MinhasTarefasAPPUITests" */;
			buildPhases = (
				2250935F2BE96F53B64F3C72 /* [CP] Check Pods Manifest.lock */,
				AC1E8EFD29E98F3900D8A130 /* Sources */,
				AC1E8EFE29E98F3900D8A130 /* Frameworks */,
				AC1E8EFF29E98F3900D8A130 /* Resources */,
				F8EDE1851069934EFC615973 /* [CP] Embed Pods Frameworks */,
			);
			buildRules = (
			);
			dependencies = (
				AC1E8F0329E98F3900D8A130 /* PBXTargetDependency */,
			);
			name = MinhasTarefasAPPUITests;
			productName = MinhasTarefasAPPUITests;
			productReference = AC1E8F0129E98F3900D8A130 /* MinhasTarefasAPPUITests.xctest */;
			productType = "com.apple.product-type.bundle.ui-testing";
		};
/* End PBXNativeTarget section */

/* Begin PBXProject section */
		AC1E8ED929E98F3800D8A130 /* Project object */ = {
			isa = PBXProject;
			attributes = {
				BuildIndependentTargetsInParallel = 1;
				LastSwiftUpdateCheck = 1420;
				LastUpgradeCheck = 1420;
				TargetAttributes = {
					AC1E8EE029E98F3800D8A130 = {
						CreatedOnToolsVersion = 14.2;
					};
					AC1E8EF629E98F3900D8A130 = {
						CreatedOnToolsVersion = 14.2;
						TestTargetID = AC1E8EE029E98F3800D8A130;
					};
					AC1E8F0029E98F3900D8A130 = {
						CreatedOnToolsVersion = 14.2;
						TestTargetID = AC1E8EE029E98F3800D8A130;
					};
				};
			};
			buildConfigurationList = AC1E8EDC29E98F3800D8A130 /* Build configuration list for PBXProject "MinhasTarefasAPP" */;
			compatibilityVersion = "Xcode 14.0";
			developmentRegion = en;
			hasScannedForEncodings = 0;
			knownRegions = (
				en,
				Base,
			);
			mainGroup = AC1E8ED829E98F3800D8A130;
			packageReferences = (
				AC9E185C29E9D3270016A773 /* XCRemoteSwiftPackageReference "firebase-ios-sdk" */,
			);
			productRefGroup = AC1E8EE229E98F3800D8A130 /* Products */;
			projectDirPath = "";
			projectRoot = "";
			targets = (
				AC1E8EE029E98F3800D8A130 /* MinhasTarefasAPP */,
				AC1E8EF629E98F3900D8A130 /* MinhasTarefasAPPTests */,
				AC1E8F0029E98F3900D8A130 /* MinhasTarefasAPPUITests */,
			);
		};
/* End PBXProject section */

/* Begin PBXResourcesBuildPhase section */
		AC1E8EDF29E98F3800D8A130 /* Resources */ = {
			isa = PBXResourcesBuildPhase;
			buildActionMask = 2147483647;
			files = (
				AC1E8F4B29E99C8B00D8A130 /* GoogleService-Info.plist in Resources */,
				AC1E8EF129E98F3900D8A130 /* LaunchScreen.storyboard in Resources */,
				AC1E8EEE29E98F3900D8A130 /* Assets.xcassets in Resources */,
			);
			runOnlyForDeploymentPostprocessing = 0;
		};
		AC1E8EF529E98F3900D8A130 /* Resources */ = {
			isa = PBXResourcesBuildPhase;
			buildActionMask = 2147483647;
			files = (
			);
			runOnlyForDeploymentPostprocessing = 0;
		};
		AC1E8EFF29E98F3900D8A130 /* Resources */ = {
			isa = PBXResourcesBuildPhase;
			buildActionMask = 2147483647;
			files = (
			);
			runOnlyForDeploymentPostprocessing = 0;
		};
/* End PBXResourcesBuildPhase section */

/* Begin PBXShellScriptBuildPhase section */
		2250935F2BE96F53B64F3C72 /* [CP] Check Pods Manifest.lock */ = {
			isa = PBXShellScriptBuildPhase;
			buildActionMask = 2147483647;
			files = (
			);
			inputFileListPaths = (
			);
			inputPaths = (
				"${PODS_PODFILE_DIR_PATH}/Podfile.lock",
				"${PODS_ROOT}/Manifest.lock",
			);
			name = "[CP] Check Pods Manifest.lock";
			outputFileListPaths = (
			);
			outputPaths = (
				"$(DERIVED_FILE_DIR)/Pods-MinhasTarefasAPP-MinhasTarefasAPPUITests-checkManifestLockResult.txt",
			);
			runOnlyForDeploymentPostprocessing = 0;
			shellPath = /bin/sh;
			shellScript = "diff \"${PODS_PODFILE_DIR_PATH}/Podfile.lock\" \"${PODS_ROOT}/Manifest.lock\" > /dev/null\nif [ $? != 0 ] ; then\n    # print error to STDERR\n    echo \"error: The sandbox is not in sync with the Podfile.lock. Run 'pod install' or update your CocoaPods installation.\" >&2\n    exit 1\nfi\n# This output is used by Xcode 'outputs' to avoid re-running this script phase.\necho \"SUCCESS\" > \"${SCRIPT_OUTPUT_FILE_0}\"\n";
			showEnvVarsInLog = 0;
		};
		288BE96DE8EC64FC72BC5BB6 /* [CP] Check Pods Manifest.lock */ = {
			isa = PBXShellScriptBuildPhase;
			buildActionMask = 2147483647;
			files = (
			);
			inputFileListPaths = (
			);
			inputPaths = (
				"${PODS_PODFILE_DIR_PATH}/Podfile.lock",
				"${PODS_ROOT}/Manifest.lock",
			);
			name = "[CP] Check Pods Manifest.lock";
			outputFileListPaths = (
			);
			outputPaths = (
				"$(DERIVED_FILE_DIR)/Pods-MinhasTarefasAPPTests-checkManifestLockResult.txt",
			);
			runOnlyForDeploymentPostprocessing = 0;
			shellPath = /bin/sh;
			shellScript = "diff \"${PODS_PODFILE_DIR_PATH}/Podfile.lock\" \"${PODS_ROOT}/Manifest.lock\" > /dev/null\nif [ $? != 0 ] ; then\n    # print error to STDERR\n    echo \"error: The sandbox is not in sync with the Podfile.lock. Run 'pod install' or update your CocoaPods installation.\" >&2\n    exit 1\nfi\n# This output is used by Xcode 'outputs' to avoid re-running this script phase.\necho \"SUCCESS\" > \"${SCRIPT_OUTPUT_FILE_0}\"\n";
			showEnvVarsInLog = 0;
		};
		469976C9BD7BDD78D0ACBB8E /* [CP] Check Pods Manifest.lock */ = {
			isa = PBXShellScriptBuildPhase;
			buildActionMask = 2147483647;
			files = (
			);
			inputFileListPaths = (
			);
			inputPaths = (
				"${PODS_PODFILE_DIR_PATH}/Podfile.lock",
				"${PODS_ROOT}/Manifest.lock",
			);
			name = "[CP] Check Pods Manifest.lock";
			outputFileListPaths = (
			);
			outputPaths = (
				"$(DERIVED_FILE_DIR)/Pods-MinhasTarefasAPP-checkManifestLockResult.txt",
			);
			runOnlyForDeploymentPostprocessing = 0;
			shellPath = /bin/sh;
			shellScript = "diff \"${PODS_PODFILE_DIR_PATH}/Podfile.lock\" \"${PODS_ROOT}/Manifest.lock\" > /dev/null\nif [ $? != 0 ] ; then\n    # print error to STDERR\n    echo \"error: The sandbox is not in sync with the Podfile.lock. Run 'pod install' or update your CocoaPods installation.\" >&2\n    exit 1\nfi\n# This output is used by Xcode 'outputs' to avoid re-running this script phase.\necho \"SUCCESS\" > \"${SCRIPT_OUTPUT_FILE_0}\"\n";
			showEnvVarsInLog = 0;
		};
		EF3B580E83C41FAB996EAE7F /* [CP] Embed Pods Frameworks */ = {
			isa = PBXShellScriptBuildPhase;
			buildActionMask = 2147483647;
			files = (
			);
			inputFileListPaths = (
				"${PODS_ROOT}/Target Support Files/Pods-MinhasTarefasAPP/Pods-MinhasTarefasAPP-frameworks-${CONFIGURATION}-input-files.xcfilelist",
			);
			name = "[CP] Embed Pods Frameworks";
			outputFileListPaths = (
				"${PODS_ROOT}/Target Support Files/Pods-MinhasTarefasAPP/Pods-MinhasTarefasAPP-frameworks-${CONFIGURATION}-output-files.xcfilelist",
			);
			runOnlyForDeploymentPostprocessing = 0;
			shellPath = /bin/sh;
			shellScript = "\"${PODS_ROOT}/Target Support Files/Pods-MinhasTarefasAPP/Pods-MinhasTarefasAPP-frameworks.sh\"\n";
			showEnvVarsInLog = 0;
		};
		F8EDE1851069934EFC615973 /* [CP] Embed Pods Frameworks */ = {
			isa = PBXShellScriptBuildPhase;
			buildActionMask = 2147483647;
			files = (
			);
			inputFileListPaths = (
				"${PODS_ROOT}/Target Support Files/Pods-MinhasTarefasAPP-MinhasTarefasAPPUITests/Pods-MinhasTarefasAPP-MinhasTarefasAPPUITests-frameworks-${CONFIGURATION}-input-files.xcfilelist",
			);
			name = "[CP] Embed Pods Frameworks";
			outputFileListPaths = (
				"${PODS_ROOT}/Target Support Files/Pods-MinhasTarefasAPP-MinhasTarefasAPPUITests/Pods-MinhasTarefasAPP-MinhasTarefasAPPUITests-frameworks-${CONFIGURATION}-output-files.xcfilelist",
			);
			runOnlyForDeploymentPostprocessing = 0;
			shellPath = /bin/sh;
			shellScript = "\"${PODS_ROOT}/Target Support Files/Pods-MinhasTarefasAPP-MinhasTarefasAPPUITests/Pods-MinhasTarefasAPP-MinhasTarefasAPPUITests-frameworks.sh\"\n";
			showEnvVarsInLog = 0;
		};
/* End PBXShellScriptBuildPhase section */

/* Begin PBXSourcesBuildPhase section */
		AC1E8EDD29E98F3800D8A130 /* Sources */ = {
			isa = PBXSourcesBuildPhase;
			buildActionMask = 2147483647;
			files = (
				AC4F343A2A000A6E00C65C93 /* DetailsTasksViewController.swift in Sources */,
				ACFF3B8129FB481100C54C44 /* PerfilViewModel.swift in Sources */,
				AC1E8F3629E994DA00D8A130 /* TarefasCriadasTableViewCell.swift in Sources */,
				AC1E8F3829E9958000D8A130 /* AddTarefasCollectionViewCellView.swift in Sources */,
				AC1E8F4829E9970C00D8A130 /* AlertPop.swift in Sources */,
				AC9E187429EA25000016A773 /* HomeViewModel.swift in Sources */,
				AC1E8F2B29E9935900D8A130 /* AddTarefasView.swift in Sources */,
				ACFF3B7D29FAEB5800C54C44 /* PerfilViewController.swift in Sources */,
				ACA98A8A29F3023600570216 /* AddTarefasViewModel.swift in Sources */,
				AC598CBB2A099BFD0098D620 /* DateTasksCollectionViewCell.swift in Sources */,
				AC1E8F4029E9964000D8A130 /* CadastroView.swift in Sources */,
				AC4F343F2A0012FF00C65C93 /* TaskModel.swift in Sources */,
				AC1E8EE529E98F3800D8A130 /* AppDelegate.swift in Sources */,
				AC598CC12A09E6310098D620 /* UIView.swift in Sources */,
				ACD348DB2A030B27003ED92E /* DetailsTasksViewModel.swift in Sources */,
				AC9E186E29E9D65C0016A773 /* CadastroViewModel.swift in Sources */,
				AC1E8F2629E992D400D8A130 /* HomeViewController.swift in Sources */,
				AC73DE172A02A85300750AD4 /* UserRepository.swift in Sources */,
				AC1E8F4329E9968800D8A130 /* CadastroViewController.swift in Sources */,
				AC1E8F2D29E9937400D8A130 /* AddTarefasViewController.swift in Sources */,
				ACFF3B7F29FAEB7700C54C44 /* PerfilVIew.swift in Sources */,
				AC1E8F1D29E990B900D8A130 /* LoginView.swift in Sources */,
				AC1E8F2429E992A200D8A130 /* HomeView.swift in Sources */,
				AC1E8EE729E98F3800D8A130 /* SceneDelegate.swift in Sources */,
				AC4F343D2A000BAA00C65C93 /* UserDataModel.swift in Sources */,
				AC1E8F1F29E9923000D8A130 /* TabBarController.swift in Sources */,
				AC1E8F1B29E9909A00D8A130 /* LoginViewController.swift in Sources */,
				AC1E8F4629E996DC00D8A130 /* Alert.swift in Sources */,
				AC9E187129EA1D460016A773 /* LoginViewModel.swift in Sources */,
				AC598CBE2A09DBCB0098D620 /* HomeHeaderView.swift in Sources */,
				AC1E8F3229E9943E00D8A130 /* AddTarefasCollectionViewCell.swift in Sources */,
				AC00EE5329F4118100F228A1 /* AddTarefasCellViewModel.swift in Sources */,
				AC4F34362A000A3A00C65C93 /* DetailsTasksView.swift in Sources */,
			);
			runOnlyForDeploymentPostprocessing = 0;
		};
		AC1E8EF329E98F3900D8A130 /* Sources */ = {
			isa = PBXSourcesBuildPhase;
			buildActionMask = 2147483647;
			files = (
				AC1E8EFC29E98F3900D8A130 /* MinhasTarefasAPPTests.swift in Sources */,
			);
			runOnlyForDeploymentPostprocessing = 0;
		};
		AC1E8EFD29E98F3900D8A130 /* Sources */ = {
			isa = PBXSourcesBuildPhase;
			buildActionMask = 2147483647;
			files = (
				AC1E8F0629E98F3900D8A130 /* MinhasTarefasAPPUITests.swift in Sources */,
				AC1E8F0829E98F3900D8A130 /* MinhasTarefasAPPUITestsLaunchTests.swift in Sources */,
			);
			runOnlyForDeploymentPostprocessing = 0;
		};
/* End PBXSourcesBuildPhase section */

/* Begin PBXTargetDependency section */
		AC1E8EF929E98F3900D8A130 /* PBXTargetDependency */ = {
			isa = PBXTargetDependency;
			target = AC1E8EE029E98F3800D8A130 /* MinhasTarefasAPP */;
			targetProxy = AC1E8EF829E98F3900D8A130 /* PBXContainerItemProxy */;
		};
		AC1E8F0329E98F3900D8A130 /* PBXTargetDependency */ = {
			isa = PBXTargetDependency;
			target = AC1E8EE029E98F3800D8A130 /* MinhasTarefasAPP */;
			targetProxy = AC1E8F0229E98F3900D8A130 /* PBXContainerItemProxy */;
		};
/* End PBXTargetDependency section */

/* Begin PBXVariantGroup section */
		AC1E8EEF29E98F3900D8A130 /* LaunchScreen.storyboard */ = {
			isa = PBXVariantGroup;
			children = (
				AC1E8EF029E98F3900D8A130 /* Base */,
			);
			name = LaunchScreen.storyboard;
			sourceTree = "<group>";
		};
/* End PBXVariantGroup section */

/* Begin XCBuildConfiguration section */
		AC1E8F0929E98F3900D8A130 /* Debug */ = {
			isa = XCBuildConfiguration;
			buildSettings = {
				ALWAYS_SEARCH_USER_PATHS = NO;
				CLANG_ANALYZER_NONNULL = YES;
				CLANG_ANALYZER_NUMBER_OBJECT_CONVERSION = YES_AGGRESSIVE;
				CLANG_CXX_LANGUAGE_STANDARD = "gnu++20";
				CLANG_ENABLE_MODULES = YES;
				CLANG_ENABLE_OBJC_ARC = YES;
				CLANG_ENABLE_OBJC_WEAK = YES;
				CLANG_WARN_BLOCK_CAPTURE_AUTORELEASING = YES;
				CLANG_WARN_BOOL_CONVERSION = YES;
				CLANG_WARN_COMMA = YES;
				CLANG_WARN_CONSTANT_CONVERSION = YES;
				CLANG_WARN_DEPRECATED_OBJC_IMPLEMENTATIONS = YES;
				CLANG_WARN_DIRECT_OBJC_ISA_USAGE = YES_ERROR;
				CLANG_WARN_DOCUMENTATION_COMMENTS = YES;
				CLANG_WARN_EMPTY_BODY = YES;
				CLANG_WARN_ENUM_CONVERSION = YES;
				CLANG_WARN_INFINITE_RECURSION = YES;
				CLANG_WARN_INT_CONVERSION = YES;
				CLANG_WARN_NON_LITERAL_NULL_CONVERSION = YES;
				CLANG_WARN_OBJC_IMPLICIT_RETAIN_SELF = YES;
				CLANG_WARN_OBJC_LITERAL_CONVERSION = YES;
				CLANG_WARN_OBJC_ROOT_CLASS = YES_ERROR;
				CLANG_WARN_QUOTED_INCLUDE_IN_FRAMEWORK_HEADER = YES;
				CLANG_WARN_RANGE_LOOP_ANALYSIS = YES;
				CLANG_WARN_STRICT_PROTOTYPES = YES;
				CLANG_WARN_SUSPICIOUS_MOVE = YES;
				CLANG_WARN_UNGUARDED_AVAILABILITY = YES_AGGRESSIVE;
				CLANG_WARN_UNREACHABLE_CODE = YES;
				CLANG_WARN__DUPLICATE_METHOD_MATCH = YES;
				COPY_PHASE_STRIP = NO;
				DEBUG_INFORMATION_FORMAT = dwarf;
				ENABLE_STRICT_OBJC_MSGSEND = YES;
				ENABLE_TESTABILITY = YES;
				GCC_C_LANGUAGE_STANDARD = gnu11;
				GCC_DYNAMIC_NO_PIC = NO;
				GCC_NO_COMMON_BLOCKS = YES;
				GCC_OPTIMIZATION_LEVEL = 0;
				GCC_PREPROCESSOR_DEFINITIONS = (
					"DEBUG=1",
					"$(inherited)",
				);
				GCC_WARN_64_TO_32_BIT_CONVERSION = YES;
				GCC_WARN_ABOUT_RETURN_TYPE = YES_ERROR;
				GCC_WARN_UNDECLARED_SELECTOR = YES;
				GCC_WARN_UNINITIALIZED_AUTOS = YES_AGGRESSIVE;
				GCC_WARN_UNUSED_FUNCTION = YES;
				GCC_WARN_UNUSED_VARIABLE = YES;
				IPHONEOS_DEPLOYMENT_TARGET = 16.2;
				MTL_ENABLE_DEBUG_INFO = INCLUDE_SOURCE;
				MTL_FAST_MATH = YES;
				ONLY_ACTIVE_ARCH = YES;
				SDKROOT = iphoneos;
				SWIFT_ACTIVE_COMPILATION_CONDITIONS = DEBUG;
				SWIFT_OPTIMIZATION_LEVEL = "-Onone";
			};
			name = Debug;
		};
		AC1E8F0A29E98F3900D8A130 /* Release */ = {
			isa = XCBuildConfiguration;
			buildSettings = {
				ALWAYS_SEARCH_USER_PATHS = NO;
				CLANG_ANALYZER_NONNULL = YES;
				CLANG_ANALYZER_NUMBER_OBJECT_CONVERSION = YES_AGGRESSIVE;
				CLANG_CXX_LANGUAGE_STANDARD = "gnu++20";
				CLANG_ENABLE_MODULES = YES;
				CLANG_ENABLE_OBJC_ARC = YES;
				CLANG_ENABLE_OBJC_WEAK = YES;
				CLANG_WARN_BLOCK_CAPTURE_AUTORELEASING = YES;
				CLANG_WARN_BOOL_CONVERSION = YES;
				CLANG_WARN_COMMA = YES;
				CLANG_WARN_CONSTANT_CONVERSION = YES;
				CLANG_WARN_DEPRECATED_OBJC_IMPLEMENTATIONS = YES;
				CLANG_WARN_DIRECT_OBJC_ISA_USAGE = YES_ERROR;
				CLANG_WARN_DOCUMENTATION_COMMENTS = YES;
				CLANG_WARN_EMPTY_BODY = YES;
				CLANG_WARN_ENUM_CONVERSION = YES;
				CLANG_WARN_INFINITE_RECURSION = YES;
				CLANG_WARN_INT_CONVERSION = YES;
				CLANG_WARN_NON_LITERAL_NULL_CONVERSION = YES;
				CLANG_WARN_OBJC_IMPLICIT_RETAIN_SELF = YES;
				CLANG_WARN_OBJC_LITERAL_CONVERSION = YES;
				CLANG_WARN_OBJC_ROOT_CLASS = YES_ERROR;
				CLANG_WARN_QUOTED_INCLUDE_IN_FRAMEWORK_HEADER = YES;
				CLANG_WARN_RANGE_LOOP_ANALYSIS = YES;
				CLANG_WARN_STRICT_PROTOTYPES = YES;
				CLANG_WARN_SUSPICIOUS_MOVE = YES;
				CLANG_WARN_UNGUARDED_AVAILABILITY = YES_AGGRESSIVE;
				CLANG_WARN_UNREACHABLE_CODE = YES;
				CLANG_WARN__DUPLICATE_METHOD_MATCH = YES;
				COPY_PHASE_STRIP = NO;
				DEBUG_INFORMATION_FORMAT = "dwarf-with-dsym";
				ENABLE_NS_ASSERTIONS = NO;
				ENABLE_STRICT_OBJC_MSGSEND = YES;
				GCC_C_LANGUAGE_STANDARD = gnu11;
				GCC_NO_COMMON_BLOCKS = YES;
				GCC_WARN_64_TO_32_BIT_CONVERSION = YES;
				GCC_WARN_ABOUT_RETURN_TYPE = YES_ERROR;
				GCC_WARN_UNDECLARED_SELECTOR = YES;
				GCC_WARN_UNINITIALIZED_AUTOS = YES_AGGRESSIVE;
				GCC_WARN_UNUSED_FUNCTION = YES;
				GCC_WARN_UNUSED_VARIABLE = YES;
				IPHONEOS_DEPLOYMENT_TARGET = 16.2;
				MTL_ENABLE_DEBUG_INFO = NO;
				MTL_FAST_MATH = YES;
				SDKROOT = iphoneos;
				SWIFT_COMPILATION_MODE = wholemodule;
				SWIFT_OPTIMIZATION_LEVEL = "-O";
				VALIDATE_PRODUCT = YES;
			};
			name = Release;
		};
		AC1E8F0C29E98F3900D8A130 /* Debug */ = {
			isa = XCBuildConfiguration;
			baseConfigurationReference = 8DD9F878BDADA55CD4D54B0A /* Pods-MinhasTarefasAPP.debug.xcconfig */;
			buildSettings = {
				ASSETCATALOG_COMPILER_APPICON_NAME = AppIcon;
				ASSETCATALOG_COMPILER_GLOBAL_ACCENT_COLOR_NAME = AccentColor;
				CODE_SIGN_STYLE = Automatic;
				CURRENT_PROJECT_VERSION = 1;
				GENERATE_INFOPLIST_FILE = YES;
				INFOPLIST_FILE = MinhasTarefasAPP/Info.plist;
				INFOPLIST_KEY_UIApplicationSupportsIndirectInputEvents = YES;
				INFOPLIST_KEY_UILaunchStoryboardName = LaunchScreen;
				INFOPLIST_KEY_UIMainStoryboardFile = "";
				INFOPLIST_KEY_UISupportedInterfaceOrientations_iPad = "UIInterfaceOrientationPortrait UIInterfaceOrientationPortraitUpsideDown UIInterfaceOrientationLandscapeLeft UIInterfaceOrientationLandscapeRight";
				INFOPLIST_KEY_UISupportedInterfaceOrientations_iPhone = "UIInterfaceOrientationPortrait UIInterfaceOrientationLandscapeLeft UIInterfaceOrientationLandscapeRight";
				IPHONEOS_DEPLOYMENT_TARGET = 14.0;
				LD_RUNPATH_SEARCH_PATHS = (
					"$(inherited)",
					"@executable_path/Frameworks",
				);
				MARKETING_VERSION = 1.0;
				PRODUCT_BUNDLE_IDENTIFIER = Hardsys.MinhasTarefasAPP;
				PRODUCT_NAME = "$(TARGET_NAME)";
				SWIFT_EMIT_LOC_STRINGS = YES;
				SWIFT_VERSION = 5.0;
				TARGETED_DEVICE_FAMILY = "1,2";
			};
			name = Debug;
		};
		AC1E8F0D29E98F3900D8A130 /* Release */ = {
			isa = XCBuildConfiguration;
			baseConfigurationReference = 8C56E9519808DD28F7A0A0DE /* Pods-MinhasTarefasAPP.release.xcconfig */;
			buildSettings = {
				ASSETCATALOG_COMPILER_APPICON_NAME = AppIcon;
				ASSETCATALOG_COMPILER_GLOBAL_ACCENT_COLOR_NAME = AccentColor;
				CODE_SIGN_STYLE = Automatic;
				CURRENT_PROJECT_VERSION = 1;
				GENERATE_INFOPLIST_FILE = YES;
				INFOPLIST_FILE = MinhasTarefasAPP/Info.plist;
				INFOPLIST_KEY_UIApplicationSupportsIndirectInputEvents = YES;
				INFOPLIST_KEY_UILaunchStoryboardName = LaunchScreen;
				INFOPLIST_KEY_UIMainStoryboardFile = "";
				INFOPLIST_KEY_UISupportedInterfaceOrientations_iPad = "UIInterfaceOrientationPortrait UIInterfaceOrientationPortraitUpsideDown UIInterfaceOrientationLandscapeLeft UIInterfaceOrientationLandscapeRight";
				INFOPLIST_KEY_UISupportedInterfaceOrientations_iPhone = "UIInterfaceOrientationPortrait UIInterfaceOrientationLandscapeLeft UIInterfaceOrientationLandscapeRight";
				IPHONEOS_DEPLOYMENT_TARGET = 14.0;
				LD_RUNPATH_SEARCH_PATHS = (
					"$(inherited)",
					"@executable_path/Frameworks",
				);
				MARKETING_VERSION = 1.0;
				PRODUCT_BUNDLE_IDENTIFIER = Hardsys.MinhasTarefasAPP;
				PRODUCT_NAME = "$(TARGET_NAME)";
				SWIFT_EMIT_LOC_STRINGS = YES;
				SWIFT_VERSION = 5.0;
				TARGETED_DEVICE_FAMILY = "1,2";
			};
			name = Release;
		};
		AC1E8F0F29E98F3900D8A130 /* Debug */ = {
			isa = XCBuildConfiguration;
			baseConfigurationReference = E789481FAE5C44800F912FB5 /* Pods-MinhasTarefasAPPTests.debug.xcconfig */;
			buildSettings = {
				ALWAYS_EMBED_SWIFT_STANDARD_LIBRARIES = YES;
				BUNDLE_LOADER = "$(TEST_HOST)";
				CODE_SIGN_STYLE = Automatic;
				CURRENT_PROJECT_VERSION = 1;
				GENERATE_INFOPLIST_FILE = YES;
				IPHONEOS_DEPLOYMENT_TARGET = 16.2;
				MARKETING_VERSION = 1.0;
				PRODUCT_BUNDLE_IDENTIFIER = Hardsys.MinhasTarefasAPPTests;
				PRODUCT_NAME = "$(TARGET_NAME)";
				SWIFT_EMIT_LOC_STRINGS = NO;
				SWIFT_VERSION = 5.0;
				TARGETED_DEVICE_FAMILY = "1,2";
				TEST_HOST = "$(BUILT_PRODUCTS_DIR)/MinhasTarefasAPP.app/$(BUNDLE_EXECUTABLE_FOLDER_PATH)/MinhasTarefasAPP";
			};
			name = Debug;
		};
		AC1E8F1029E98F3900D8A130 /* Release */ = {
			isa = XCBuildConfiguration;
			baseConfigurationReference = 161124AF01E49806E3E4FA71 /* Pods-MinhasTarefasAPPTests.release.xcconfig */;
			buildSettings = {
				ALWAYS_EMBED_SWIFT_STANDARD_LIBRARIES = YES;
				BUNDLE_LOADER = "$(TEST_HOST)";
				CODE_SIGN_STYLE = Automatic;
				CURRENT_PROJECT_VERSION = 1;
				GENERATE_INFOPLIST_FILE = YES;
				IPHONEOS_DEPLOYMENT_TARGET = 16.2;
				MARKETING_VERSION = 1.0;
				PRODUCT_BUNDLE_IDENTIFIER = Hardsys.MinhasTarefasAPPTests;
				PRODUCT_NAME = "$(TARGET_NAME)";
				SWIFT_EMIT_LOC_STRINGS = NO;
				SWIFT_VERSION = 5.0;
				TARGETED_DEVICE_FAMILY = "1,2";
				TEST_HOST = "$(BUILT_PRODUCTS_DIR)/MinhasTarefasAPP.app/$(BUNDLE_EXECUTABLE_FOLDER_PATH)/MinhasTarefasAPP";
			};
			name = Release;
		};
		AC1E8F1229E98F3900D8A130 /* Debug */ = {
			isa = XCBuildConfiguration;
			baseConfigurationReference = 10DCB271569A9AD0F7EEE9E5 /* Pods-MinhasTarefasAPP-MinhasTarefasAPPUITests.debug.xcconfig */;
			buildSettings = {
				ALWAYS_EMBED_SWIFT_STANDARD_LIBRARIES = YES;
				CODE_SIGN_STYLE = Automatic;
				CURRENT_PROJECT_VERSION = 1;
				GENERATE_INFOPLIST_FILE = YES;
				MARKETING_VERSION = 1.0;
				PRODUCT_BUNDLE_IDENTIFIER = Hardsys.MinhasTarefasAPPUITests;
				PRODUCT_NAME = "$(TARGET_NAME)";
				SWIFT_EMIT_LOC_STRINGS = NO;
				SWIFT_VERSION = 5.0;
				TARGETED_DEVICE_FAMILY = "1,2";
				TEST_TARGET_NAME = MinhasTarefasAPP;
			};
			name = Debug;
		};
		AC1E8F1329E98F3900D8A130 /* Release */ = {
			isa = XCBuildConfiguration;
			baseConfigurationReference = 904F69CE50CBF4DE278FD7FE /* Pods-MinhasTarefasAPP-MinhasTarefasAPPUITests.release.xcconfig */;
			buildSettings = {
				ALWAYS_EMBED_SWIFT_STANDARD_LIBRARIES = YES;
				CODE_SIGN_STYLE = Automatic;
				CURRENT_PROJECT_VERSION = 1;
				GENERATE_INFOPLIST_FILE = YES;
				MARKETING_VERSION = 1.0;
				PRODUCT_BUNDLE_IDENTIFIER = Hardsys.MinhasTarefasAPPUITests;
				PRODUCT_NAME = "$(TARGET_NAME)";
				SWIFT_EMIT_LOC_STRINGS = NO;
				SWIFT_VERSION = 5.0;
				TARGETED_DEVICE_FAMILY = "1,2";
				TEST_TARGET_NAME = MinhasTarefasAPP;
			};
			name = Release;
		};
/* End XCBuildConfiguration section */

/* Begin XCConfigurationList section */
		AC1E8EDC29E98F3800D8A130 /* Build configuration list for PBXProject "MinhasTarefasAPP" */ = {
			isa = XCConfigurationList;
			buildConfigurations = (
				AC1E8F0929E98F3900D8A130 /* Debug */,
				AC1E8F0A29E98F3900D8A130 /* Release */,
			);
			defaultConfigurationIsVisible = 0;
			defaultConfigurationName = Release;
		};
		AC1E8F0B29E98F3900D8A130 /* Build configuration list for PBXNativeTarget "MinhasTarefasAPP" */ = {
			isa = XCConfigurationList;
			buildConfigurations = (
				AC1E8F0C29E98F3900D8A130 /* Debug */,
				AC1E8F0D29E98F3900D8A130 /* Release */,
			);
			defaultConfigurationIsVisible = 0;
			defaultConfigurationName = Release;
		};
		AC1E8F0E29E98F3900D8A130 /* Build configuration list for PBXNativeTarget "MinhasTarefasAPPTests" */ = {
			isa = XCConfigurationList;
			buildConfigurations = (
				AC1E8F0F29E98F3900D8A130 /* Debug */,
				AC1E8F1029E98F3900D8A130 /* Release */,
			);
			defaultConfigurationIsVisible = 0;
			defaultConfigurationName = Release;
		};
		AC1E8F1129E98F3900D8A130 /* Build configuration list for PBXNativeTarget "MinhasTarefasAPPUITests" */ = {
			isa = XCConfigurationList;
			buildConfigurations = (
				AC1E8F1229E98F3900D8A130 /* Debug */,
				AC1E8F1329E98F3900D8A130 /* Release */,
			);
			defaultConfigurationIsVisible = 0;
			defaultConfigurationName = Release;
		};
/* End XCConfigurationList section */

/* Begin XCRemoteSwiftPackageReference section */
		AC9E185C29E9D3270016A773 /* XCRemoteSwiftPackageReference "firebase-ios-sdk" */ = {
			isa = XCRemoteSwiftPackageReference;
			repositoryURL = "https://github.com/firebase/firebase-ios-sdk";
			requirement = {
				kind = upToNextMajorVersion;
				minimumVersion = 9.0.0;
			};
		};
/* End XCRemoteSwiftPackageReference section */

/* Begin XCSwiftPackageProductDependency section */
		AC9E185D29E9D3270016A773 /* FirebaseAuth */ = {
			isa = XCSwiftPackageProductDependency;
			package = AC9E185C29E9D3270016A773 /* XCRemoteSwiftPackageReference "firebase-ios-sdk" */;
			productName = FirebaseAuth;
		};
		AC9E185F29E9D3270016A773 /* FirebaseAuthCombine-Community */ = {
			isa = XCSwiftPackageProductDependency;
			package = AC9E185C29E9D3270016A773 /* XCRemoteSwiftPackageReference "firebase-ios-sdk" */;
			productName = "FirebaseAuthCombine-Community";
		};
		AC9E186129E9D3270016A773 /* FirebaseCrashlytics */ = {
			isa = XCSwiftPackageProductDependency;
			package = AC9E185C29E9D3270016A773 /* XCRemoteSwiftPackageReference "firebase-ios-sdk" */;
			productName = FirebaseCrashlytics;
		};
		AC9E186329E9D3270016A773 /* FirebaseFirestore */ = {
			isa = XCSwiftPackageProductDependency;
			package = AC9E185C29E9D3270016A773 /* XCRemoteSwiftPackageReference "firebase-ios-sdk" */;
			productName = FirebaseFirestore;
		};
		AC9E186529E9D3270016A773 /* FirebaseFirestoreCombine-Community */ = {
			isa = XCSwiftPackageProductDependency;
			package = AC9E185C29E9D3270016A773 /* XCRemoteSwiftPackageReference "firebase-ios-sdk" */;
			productName = "FirebaseFirestoreCombine-Community";
		};
		AC9E186729E9D3270016A773 /* FirebaseFirestoreSwift */ = {
			isa = XCSwiftPackageProductDependency;
			package = AC9E185C29E9D3270016A773 /* XCRemoteSwiftPackageReference "firebase-ios-sdk" */;
			productName = FirebaseFirestoreSwift;
		};
		AC9E186929E9D3270016A773 /* FirebaseStorage */ = {
			isa = XCSwiftPackageProductDependency;
			package = AC9E185C29E9D3270016A773 /* XCRemoteSwiftPackageReference "firebase-ios-sdk" */;
			productName = FirebaseStorage;
		};
		AC9E186B29E9D3270016A773 /* FirebaseStorageCombine-Community */ = {
			isa = XCSwiftPackageProductDependency;
			package = AC9E185C29E9D3270016A773 /* XCRemoteSwiftPackageReference "firebase-ios-sdk" */;
			productName = "FirebaseStorageCombine-Community";
		};
/* End XCSwiftPackageProductDependency section */
	};
	rootObject = AC1E8ED929E98F3800D8A130 /* Project object */;
}
