// !$*UTF8*$!
{
	archiveVersion = 1;
	classes = {
	};
	objectVersion = 56;
	objects = {

/* Begin PBXBuildFile section */
		AC1E8EE529E98F3800D8A130 /* AppDelegate.swift in Sources */ = {isa = PBXBuildFile; fileRef = AC1E8EE429E98F3800D8A130 /* AppDelegate.swift */; };
		AC1E8EE729E98F3800D8A130 /* SceneDelegate.swift in Sources */ = {isa = PBXBuildFile; fileRef = AC1E8EE629E98F3800D8A130 /* SceneDelegate.swift */; };
		AC1E8EE929E98F3800D8A130 /* ViewController.swift in Sources */ = {isa = PBXBuildFile; fileRef = AC1E8EE829E98F3800D8A130 /* ViewController.swift */; };
		AC1E8EEC29E98F3800D8A130 /* Main.storyboard in Resources */ = {isa = PBXBuildFile; fileRef = AC1E8EEA29E98F3800D8A130 /* Main.storyboard */; };
		AC1E8EEE29E98F3900D8A130 /* Assets.xcassets in Resources */ = {isa = PBXBuildFile; fileRef = AC1E8EED29E98F3900D8A130 /* Assets.xcassets */; };
		AC1E8EF129E98F3900D8A130 /* LaunchScreen.storyboard in Resources */ = {isa = PBXBuildFile; fileRef = AC1E8EEF29E98F3900D8A130 /* LaunchScreen.storyboard */; };
		AC1E8EFC29E98F3900D8A130 /* MinhasTarefasAPPTests.swift in Sources */ = {isa = PBXBuildFile; fileRef = AC1E8EFB29E98F3900D8A130 /* MinhasTarefasAPPTests.swift */; };
		AC1E8F0629E98F3900D8A130 /* MinhasTarefasAPPUITests.swift in Sources */ = {isa = PBXBuildFile; fileRef = AC1E8F0529E98F3900D8A130 /* MinhasTarefasAPPUITests.swift */; };
		AC1E8F0829E98F3900D8A130 /* MinhasTarefasAPPUITestsLaunchTests.swift in Sources */ = {isa = PBXBuildFile; fileRef = AC1E8F0729E98F3900D8A130 /* MinhasTarefasAPPUITestsLaunchTests.swift */; };
/* End PBXBuildFile section */

/* Begin PBXContainerItemProxy section */
		AC1E8EF829E98F3900D8A130 /* PBXContainerItemProxy */ = {
			isa = PBXContainerItemProxy;
			containerPortal = AC1E8ED929E98F3800D8A130 /* Project object */;
			proxyType = 1;
			remoteGlobalIDString = AC1E8EE029E98F3800D8A130;
			remoteInfo = MinhasTarefasAPP;
		};
		AC1E8F0229E98F3900D8A130 /* PBXContainerItemProxy */ = {
			isa = PBXContainerItemProxy;
			containerPortal = AC1E8ED929E98F3800D8A130 /* Project object */;
			proxyType = 1;
			remoteGlobalIDString = AC1E8EE029E98F3800D8A130;
			remoteInfo = MinhasTarefasAPP;
		};
/* End PBXContainerItemProxy section */

/* Begin PBXFileReference section */
		AC1E8EE129E98F3800D8A130 /* MinhasTarefasAPP.app */ = {isa = PBXFileReference; explicitFileType = wrapper.application; includeInIndex = 0; path = MinhasTarefasAPP.app; sourceTree = BUILT_PRODUCTS_DIR; };
		AC1E8EE429E98F3800D8A130 /* AppDelegate.swift */ = {isa = PBXFileReference; lastKnownFileType = sourcecode.swift; path = AppDelegate.swift; sourceTree = "<group>"; };
		AC1E8EE629E98F3800D8A130 /* SceneDelegate.swift */ = {isa = PBXFileReference; lastKnownFileType = sourcecode.swift; path = SceneDelegate.swift; sourceTree = "<group>"; };
		AC1E8EE829E98F3800D8A130 /* ViewController.swift */ = {isa = PBXFileReference; lastKnownFileType = sourcecode.swift; path = ViewController.swift; sourceTree = "<group>"; };
		AC1E8EEB29E98F3800D8A130 /* Base */ = {isa = PBXFileReference; lastKnownFileType = file.storyboard; name = Base; path = Base.lproj/Main.storyboard; sourceTree = "<group>"; };
		AC1E8EED29E98F3900D8A130 /* Assets.xcassets */ = {isa = PBXFileReference; lastKnownFileType = folder.assetcatalog; path = Assets.xcassets; sourceTree = "<group>"; };
		AC1E8EF029E98F3900D8A130 /* Base */ = {isa = PBXFileReference; lastKnownFileType = file.storyboard; name = Base; path = Base.lproj/LaunchScreen.storyboard; sourceTree = "<group>"; };
		AC1E8EF229E98F3900D8A130 /* Info.plist */ = {isa = PBXFileReference; lastKnownFileType = text.plist.xml; path = Info.plist; sourceTree = "<group>"; };
		AC1E8EF729E98F3900D8A130 /* MinhasTarefasAPPTests.xctest */ = {isa = PBXFileReference; explicitFileType = wrapper.cfbundle; includeInIndex = 0; path = MinhasTarefasAPPTests.xctest; sourceTree = BUILT_PRODUCTS_DIR; };
		AC1E8EFB29E98F3900D8A130 /* MinhasTarefasAPPTests.swift */ = {isa = PBXFileReference; lastKnownFileType = sourcecode.swift; path = MinhasTarefasAPPTests.swift; sourceTree = "<group>"; };
		AC1E8F0129E98F3900D8A130 /* MinhasTarefasAPPUITests.xctest */ = {isa = PBXFileReference; explicitFileType = wrapper.cfbundle; includeInIndex = 0; path = MinhasTarefasAPPUITests.xctest; sourceTree = BUILT_PRODUCTS_DIR; };
		AC1E8F0529E98F3900D8A130 /* MinhasTarefasAPPUITests.swift */ = {isa = PBXFileReference; lastKnownFileType = sourcecode.swift; path = MinhasTarefasAPPUITests.swift; sourceTree = "<group>"; };
		AC1E8F0729E98F3900D8A130 /* MinhasTarefasAPPUITestsLaunchTests.swift */ = {isa = PBXFileReference; lastKnownFileType = sourcecode.swift; path = MinhasTarefasAPPUITestsLaunchTests.swift; sourceTree = "<group>"; };
/* End PBXFileReference section */

/* Begin PBXFrameworksBuildPhase section */
		AC1E8EDE29E98F3800D8A130 /* Frameworks */ = {
			isa = PBXFrameworksBuildPhase;
			buildActionMask = 2147483647;
			files = (
			);
			runOnlyForDeploymentPostprocessing = 0;
		};
		AC1E8EF429E98F3900D8A130 /* Frameworks */ = {
			isa = PBXFrameworksBuildPhase;
			buildActionMask = 2147483647;
			files = (
			);
			runOnlyForDeploymentPostprocessing = 0;
		};
		AC1E8EFE29E98F3900D8A130 /* Frameworks */ = {
			isa = PBXFrameworksBuildPhase;
			buildActionMask = 2147483647;
			files = (
			);
			runOnlyForDeploymentPostprocessing = 0;
		};
/* End PBXFrameworksBuildPhase section */

/* Begin PBXGroup section */
		AC1E8ED829E98F3800D8A130 = {
			isa = PBXGroup;
			children = (
				AC1E8EE329E98F3800D8A130 /* MinhasTarefasAPP */,
				AC1E8EFA29E98F3900D8A130 /* MinhasTarefasAPPTests */,
				AC1E8F0429E98F3900D8A130 /* MinhasTarefasAPPUITests */,
				AC1E8EE229E98F3800D8A130 /* Products */,
			);
			sourceTree = "<group>";
		};
		AC1E8EE229E98F3800D8A130 /* Products */ = {
			isa = PBXGroup;
			children = (
				AC1E8EE129E98F3800D8A130 /* MinhasTarefasAPP.app */,
				AC1E8EF729E98F3900D8A130 /* MinhasTarefasAPPTests.xctest */,
				AC1E8F0129E98F3900D8A130 /* MinhasTarefasAPPUITests.xctest */,
			);
			name = Products;
			sourceTree = "<group>";
		};
		AC1E8EE329E98F3800D8A130 /* MinhasTarefasAPP */ = {
			isa = PBXGroup;
			children = (
				AC1E8EE429E98F3800D8A130 /* AppDelegate.swift */,
				AC1E8EE629E98F3800D8A130 /* SceneDelegate.swift */,
				AC1E8EE829E98F3800D8A130 /* ViewController.swift */,
				AC1E8EEA29E98F3800D8A130 /* Main.storyboard */,
				AC1E8EED29E98F3900D8A130 /* Assets.xcassets */,
				AC1E8EEF29E98F3900D8A130 /* LaunchScreen.storyboard */,
				AC1E8EF229E98F3900D8A130 /* Info.plist */,
			);
			path = MinhasTarefasAPP;
			sourceTree = "<group>";
		};
		AC1E8EFA29E98F3900D8A130 /* MinhasTarefasAPPTests */ = {
			isa = PBXGroup;
			children = (
				AC1E8EFB29E98F3900D8A130 /* MinhasTarefasAPPTests.swift */,
			);
			path = MinhasTarefasAPPTests;
			sourceTree = "<group>";
		};
		AC1E8F0429E98F3900D8A130 /* MinhasTarefasAPPUITests */ = {
			isa = PBXGroup;
			children = (
				AC1E8F0529E98F3900D8A130 /* MinhasTarefasAPPUITests.swift */,
				AC1E8F0729E98F3900D8A130 /* MinhasTarefasAPPUITestsLaunchTests.swift */,
			);
			path = MinhasTarefasAPPUITests;
			sourceTree = "<group>";
		};
/* End PBXGroup section */

/* Begin PBXNativeTarget section */
		AC1E8EE029E98F3800D8A130 /* MinhasTarefasAPP */ = {
			isa = PBXNativeTarget;
			buildConfigurationList = AC1E8F0B29E98F3900D8A130 /* Build configuration list for PBXNativeTarget "MinhasTarefasAPP" */;
			buildPhases = (
				AC1E8EDD29E98F3800D8A130 /* Sources */,
				AC1E8EDE29E98F3800D8A130 /* Frameworks */,
				AC1E8EDF29E98F3800D8A130 /* Resources */,
			);
			buildRules = (
			);
			dependencies = (
			);
			name = MinhasTarefasAPP;
			productName = MinhasTarefasAPP;
			productReference = AC1E8EE129E98F3800D8A130 /* MinhasTarefasAPP.app */;
			productType = "com.apple.product-type.application";
		};
		AC1E8EF629E98F3900D8A130 /* MinhasTarefasAPPTests */ = {
			isa = PBXNativeTarget;
			buildConfigurationList = AC1E8F0E29E98F3900D8A130 /* Build configuration list for PBXNativeTarget "MinhasTarefasAPPTests" */;
			buildPhases = (
				AC1E8EF329E98F3900D8A130 /* Sources */,
				AC1E8EF429E98F3900D8A130 /* Frameworks */,
				AC1E8EF529E98F3900D8A130 /* Resources */,
			);
			buildRules = (
			);
			dependencies = (
				AC1E8EF929E98F3900D8A130 /* PBXTargetDependency */,
			);
			name = MinhasTarefasAPPTests;
			productName = MinhasTarefasAPPTests;
			productReference = AC1E8EF729E98F3900D8A130 /* MinhasTarefasAPPTests.xctest */;
			productType = "com.apple.product-type.bundle.unit-test";
		};
		AC1E8F0029E98F3900D8A130 /* MinhasTarefasAPPUITests */ = {
			isa = PBXNativeTarget;
			buildConfigurationList = AC1E8F1129E98F3900D8A130 /* Build configuration list for PBXNativeTarget "MinhasTarefasAPPUITests" */;
			buildPhases = (
				AC1E8EFD29E98F3900D8A130 /* Sources */,
				AC1E8EFE29E98F3900D8A130 /* Frameworks */,
				AC1E8EFF29E98F3900D8A130 /* Resources */,
			);
			buildRules = (
			);
			dependencies = (
				AC1E8F0329E98F3900D8A130 /* PBXTargetDependency */,
			);
			name = MinhasTarefasAPPUITests;
			productName = MinhasTarefasAPPUITests;
			productReference = AC1E8F0129E98F3900D8A130 /* MinhasTarefasAPPUITests.xctest */;
			productType = "com.apple.product-type.bundle.ui-testing";
		};
/* End PBXNativeTarget section */

/* Begin PBXProject section */
		AC1E8ED929E98F3800D8A130 /* Project object */ = {
			isa = PBXProject;
			attributes = {
				BuildIndependentTargetsInParallel = 1;
				LastSwiftUpdateCheck = 1420;
				LastUpgradeCheck = 1420;
				TargetAttributes = {
					AC1E8EE029E98F3800D8A130 = {
						CreatedOnToolsVersion = 14.2;
					};
					AC1E8EF629E98F3900D8A130 = {
						CreatedOnToolsVersion = 14.2;
						TestTargetID = AC1E8EE029E98F3800D8A130;
					};
					AC1E8F0029E98F3900D8A130 = {
						CreatedOnToolsVersion = 14.2;
						TestTargetID = AC1E8EE029E98F3800D8A130;
					};
				};
			};
			buildConfigurationList = AC1E8EDC29E98F3800D8A130 /* Build configuration list for PBXProject "MinhasTarefasAPP" */;
			compatibilityVersion = "Xcode 14.0";
			developmentRegion = en;
			hasScannedForEncodings = 0;
			knownRegions = (
				en,
				Base,
			);
			mainGroup = AC1E8ED829E98F3800D8A130;
			productRefGroup = AC1E8EE229E98F3800D8A130 /* Products */;
			projectDirPath = "";
			projectRoot = "";
			targets = (
				AC1E8EE029E98F3800D8A130 /* MinhasTarefasAPP */,
				AC1E8EF629E98F3900D8A130 /* MinhasTarefasAPPTests */,
				AC1E8F0029E98F3900D8A130 /* MinhasTarefasAPPUITests */,
			);
		};
/* End PBXProject section */

/* Begin PBXResourcesBuildPhase section */
		AC1E8EDF29E98F3800D8A130 /* Resources */ = {
			isa = PBXResourcesBuildPhase;
			buildActionMask = 2147483647;
			files = (
				AC1E8EF129E98F3900D8A130 /* LaunchScreen.storyboard in Resources */,
				AC1E8EEE29E98F3900D8A130 /* Assets.xcassets in Resources */,
				AC1E8EEC29E98F3800D8A130 /* Main.storyboard in Resources */,
			);
			runOnlyForDeploymentPostprocessing = 0;
		};
		AC1E8EF529E98F3900D8A130 /* Resources */ = {
			isa = PBXResourcesBuildPhase;
			buildActionMask = 2147483647;
			files = (
			);
			runOnlyForDeploymentPostprocessing = 0;
		};
		AC1E8EFF29E98F3900D8A130 /* Resources */ = {
			isa = PBXResourcesBuildPhase;
			buildActionMask = 2147483647;
			files = (
			);
			runOnlyForDeploymentPostprocessing = 0;
		};
/* End PBXResourcesBuildPhase section */

/* Begin PBXSourcesBuildPhase section */
		AC1E8EDD29E98F3800D8A130 /* Sources */ = {
			isa = PBXSourcesBuildPhase;
			buildActionMask = 2147483647;
			files = (
				AC1E8EE929E98F3800D8A130 /* ViewController.swift in Sources */,
				AC1E8EE529E98F3800D8A130 /* AppDelegate.swift in Sources */,
				AC1E8EE729E98F3800D8A130 /* SceneDelegate.swift in Sources */,
			);
			runOnlyForDeploymentPostprocessing = 0;
		};
		AC1E8EF329E98F3900D8A130 /* Sources */ = {
			isa = PBXSourcesBuildPhase;
			buildActionMask = 2147483647;
			files = (
				AC1E8EFC29E98F3900D8A130 /* MinhasTarefasAPPTests.swift in Sources */,
			);
			runOnlyForDeploymentPostprocessing = 0;
		};
		AC1E8EFD29E98F3900D8A130 /* Sources */ = {
			isa = PBXSourcesBuildPhase;
			buildActionMask = 2147483647;
			files = (
				AC1E8F0629E98F3900D8A130 /* MinhasTarefasAPPUITests.swift in Sources */,
				AC1E8F0829E98F3900D8A130 /* MinhasTarefasAPPUITestsLaunchTests.swift in Sources */,
			);
			runOnlyForDeploymentPostprocessing = 0;
		};
/* End PBXSourcesBuildPhase section */

/* Begin PBXTargetDependency section */
		AC1E8EF929E98F3900D8A130 /* PBXTargetDependency */ = {
			isa = PBXTargetDependency;
			target = AC1E8EE029E98F3800D8A130 /* MinhasTarefasAPP */;
			targetProxy = AC1E8EF829E98F3900D8A130 /* PBXContainerItemProxy */;
		};
		AC1E8F0329E98F3900D8A130 /* PBXTargetDependency */ = {
			isa = PBXTargetDependency;
			target = AC1E8EE029E98F3800D8A130 /* MinhasTarefasAPP */;
			targetProxy = AC1E8F0229E98F3900D8A130 /* PBXContainerItemProxy */;
		};
/* End PBXTargetDependency section */

/* Begin PBXVariantGroup section */
		AC1E8EEA29E98F3800D8A130 /* Main.storyboard */ = {
			isa = PBXVariantGroup;
			children = (
				AC1E8EEB29E98F3800D8A130 /* Base */,
			);
			name = Main.storyboard;
			sourceTree = "<group>";
		};
		AC1E8EEF29E98F3900D8A130 /* LaunchScreen.storyboard */ = {
			isa = PBXVariantGroup;
			children = (
				AC1E8EF029E98F3900D8A130 /* Base */,
			);
			name = LaunchScreen.storyboard;
			sourceTree = "<group>";
		};
/* End PBXVariantGroup section */

/* Begin XCBuildConfiguration section */
		AC1E8F0929E98F3900D8A130 /* Debug */ = {
			isa = XCBuildConfiguration;
			buildSettings = {
				ALWAYS_SEARCH_USER_PATHS = NO;
				CLANG_ANALYZER_NONNULL = YES;
				CLANG_ANALYZER_NUMBER_OBJECT_CONVERSION = YES_AGGRESSIVE;
				CLANG_CXX_LANGUAGE_STANDARD = "gnu++20";
				CLANG_ENABLE_MODULES = YES;
				CLANG_ENABLE_OBJC_ARC = YES;
				CLANG_ENABLE_OBJC_WEAK = YES;
				CLANG_WARN_BLOCK_CAPTURE_AUTORELEASING = YES;
				CLANG_WARN_BOOL_CONVERSION = YES;
				CLANG_WARN_COMMA = YES;
				CLANG_WARN_CONSTANT_CONVERSION = YES;
				CLANG_WARN_DEPRECATED_OBJC_IMPLEMENTATIONS = YES;
				CLANG_WARN_DIRECT_OBJC_ISA_USAGE = YES_ERROR;
				CLANG_WARN_DOCUMENTATION_COMMENTS = YES;
				CLANG_WARN_EMPTY_BODY = YES;
				CLANG_WARN_ENUM_CONVERSION = YES;
				CLANG_WARN_INFINITE_RECURSION = YES;
				CLANG_WARN_INT_CONVERSION = YES;
				CLANG_WARN_NON_LITERAL_NULL_CONVERSION = YES;
				CLANG_WARN_OBJC_IMPLICIT_RETAIN_SELF = YES;
				CLANG_WARN_OBJC_LITERAL_CONVERSION = YES;
				CLANG_WARN_OBJC_ROOT_CLASS = YES_ERROR;
				CLANG_WARN_QUOTED_INCLUDE_IN_FRAMEWORK_HEADER = YES;
				CLANG_WARN_RANGE_LOOP_ANALYSIS = YES;
				CLANG_WARN_STRICT_PROTOTYPES = YES;
				CLANG_WARN_SUSPICIOUS_MOVE = YES;
				CLANG_WARN_UNGUARDED_AVAILABILITY = YES_AGGRESSIVE;
				CLANG_WARN_UNREACHABLE_CODE = YES;
				CLANG_WARN__DUPLICATE_METHOD_MATCH = YES;
				COPY_PHASE_STRIP = NO;
				DEBUG_INFORMATION_FORMAT = dwarf;
				ENABLE_STRICT_OBJC_MSGSEND = YES;
				ENABLE_TESTABILITY = YES;
				GCC_C_LANGUAGE_STANDARD = gnu11;
				GCC_DYNAMIC_NO_PIC = NO;
				GCC_NO_COMMON_BLOCKS = YES;
				GCC_OPTIMIZATION_LEVEL = 0;
				GCC_PREPROCESSOR_DEFINITIONS = (
					"DEBUG=1",
					"$(inherited)",
				);
				GCC_WARN_64_TO_32_BIT_CONVERSION = YES;
				GCC_WARN_ABOUT_RETURN_TYPE = YES_ERROR;
				GCC_WARN_UNDECLARED_SELECTOR = YES;
				GCC_WARN_UNINITIALIZED_AUTOS = YES_AGGRESSIVE;
				GCC_WARN_UNUSED_FUNCTION = YES;
				GCC_WARN_UNUSED_VARIABLE = YES;
				IPHONEOS_DEPLOYMENT_TARGET = 16.2;
				MTL_ENABLE_DEBUG_INFO = INCLUDE_SOURCE;
				MTL_FAST_MATH = YES;
				ONLY_ACTIVE_ARCH = YES;
				SDKROOT = iphoneos;
				SWIFT_ACTIVE_COMPILATION_CONDITIONS = DEBUG;
				SWIFT_OPTIMIZATION_LEVEL = "-Onone";
			};
			name = Debug;
		};
		AC1E8F0A29E98F3900D8A130 /* Release */ = {
			isa = XCBuildConfiguration;
			buildSettings = {
				ALWAYS_SEARCH_USER_PATHS = NO;
				CLANG_ANALYZER_NONNULL = YES;
				CLANG_ANALYZER_NUMBER_OBJECT_CONVERSION = YES_AGGRESSIVE;
				CLANG_CXX_LANGUAGE_STANDARD = "gnu++20";
				CLANG_ENABLE_MODULES = YES;
				CLANG_ENABLE_OBJC_ARC = YES;
				CLANG_ENABLE_OBJC_WEAK = YES;
				CLANG_WARN_BLOCK_CAPTURE_AUTORELEASING = YES;
				CLANG_WARN_BOOL_CONVERSION = YES;
				CLANG_WARN_COMMA = YES;
				CLANG_WARN_CONSTANT_CONVERSION = YES;
				CLANG_WARN_DEPRECATED_OBJC_IMPLEMENTATIONS = YES;
				CLANG_WARN_DIRECT_OBJC_ISA_USAGE = YES_ERROR;
				CLANG_WARN_DOCUMENTATION_COMMENTS = YES;
				CLANG_WARN_EMPTY_BODY = YES;
				CLANG_WARN_ENUM_CONVERSION = YES;
				CLANG_WARN_INFINITE_RECURSION = YES;
				CLANG_WARN_INT_CONVERSION = YES;
				CLANG_WARN_NON_LITERAL_NULL_CONVERSION = YES;
				CLANG_WARN_OBJC_IMPLICIT_RETAIN_SELF = YES;
				CLANG_WARN_OBJC_LITERAL_CONVERSION = YES;
				CLANG_WARN_OBJC_ROOT_CLASS = YES_ERROR;
				CLANG_WARN_QUOTED_INCLUDE_IN_FRAMEWORK_HEADER = YES;
				CLANG_WARN_RANGE_LOOP_ANALYSIS = YES;
				CLANG_WARN_STRICT_PROTOTYPES = YES;
				CLANG_WARN_SUSPICIOUS_MOVE = YES;
				CLANG_WARN_UNGUARDED_AVAILABILITY = YES_AGGRESSIVE;
				CLANG_WARN_UNREACHABLE_CODE = YES;
				CLANG_WARN__DUPLICATE_METHOD_MATCH = YES;
				COPY_PHASE_STRIP = NO;
				DEBUG_INFORMATION_FORMAT = "dwarf-with-dsym";
				ENABLE_NS_ASSERTIONS = NO;
				ENABLE_STRICT_OBJC_MSGSEND = YES;
				GCC_C_LANGUAGE_STANDARD = gnu11;
				GCC_NO_COMMON_BLOCKS = YES;
				GCC_WARN_64_TO_32_BIT_CONVERSION = YES;
				GCC_WARN_ABOUT_RETURN_TYPE = YES_ERROR;
				GCC_WARN_UNDECLARED_SELECTOR = YES;
				GCC_WARN_UNINITIALIZED_AUTOS = YES_AGGRESSIVE;
				GCC_WARN_UNUSED_FUNCTION = YES;
				GCC_WARN_UNUSED_VARIABLE = YES;
				IPHONEOS_DEPLOYMENT_TARGET = 16.2;
				MTL_ENABLE_DEBUG_INFO = NO;
				MTL_FAST_MATH = YES;
				SDKROOT = iphoneos;
				SWIFT_COMPILATION_MODE = wholemodule;
				SWIFT_OPTIMIZATION_LEVEL = "-O";
				VALIDATE_PRODUCT = YES;
			};
			name = Release;
		};
		AC1E8F0C29E98F3900D8A130 /* Debug */ = {
			isa = XCBuildConfiguration;
			buildSettings = {
				ASSETCATALOG_COMPILER_APPICON_NAME = AppIcon;
				ASSETCATALOG_COMPILER_GLOBAL_ACCENT_COLOR_NAME = AccentColor;
				CODE_SIGN_STYLE = Automatic;
				CURRENT_PROJECT_VERSION = 1;
				GENERATE_INFOPLIST_FILE = YES;
				INFOPLIST_FILE = MinhasTarefasAPP/Info.plist;
				INFOPLIST_KEY_UIApplicationSupportsIndirectInputEvents = YES;
				INFOPLIST_KEY_UILaunchStoryboardName = LaunchScreen;
				INFOPLIST_KEY_UIMainStoryboardFile = Main;
				INFOPLIST_KEY_UISupportedInterfaceOrientations_iPad = "UIInterfaceOrientationPortrait UIInterfaceOrientationPortraitUpsideDown UIInterfaceOrientationLandscapeLeft UIInterfaceOrientationLandscapeRight";
				INFOPLIST_KEY_UISupportedInterfaceOrientations_iPhone = "UIInterfaceOrientationPortrait UIInterfaceOrientationLandscapeLeft UIInterfaceOrientationLandscapeRight";
				LD_RUNPATH_SEARCH_PATHS = (
					"$(inherited)",
					"@executable_path/Frameworks",
				);
				MARKETING_VERSION = 1.0;
				PRODUCT_BUNDLE_IDENTIFIER = Hardsys.MinhasTarefasAPP;
				PRODUCT_NAME = "$(TARGET_NAME)";
				SWIFT_EMIT_LOC_STRINGS = YES;
				SWIFT_VERSION = 5.0;
				TARGETED_DEVICE_FAMILY = "1,2";
			};
			name = Debug;
		};
		AC1E8F0D29E98F3900D8A130 /* Release */ = {
			isa = XCBuildConfiguration;
			buildSettings = {
				ASSETCATALOG_COMPILER_APPICON_NAME = AppIcon;
				ASSETCATALOG_COMPILER_GLOBAL_ACCENT_COLOR_NAME = AccentColor;
				CODE_SIGN_STYLE = Automatic;
				CURRENT_PROJECT_VERSION = 1;
				GENERATE_INFOPLIST_FILE = YES;
				INFOPLIST_FILE = MinhasTarefasAPP/Info.plist;
				INFOPLIST_KEY_UIApplicationSupportsIndirectInputEvents = YES;
				INFOPLIST_KEY_UILaunchStoryboardName = LaunchScreen;
				INFOPLIST_KEY_UIMainStoryboardFile = Main;
				INFOPLIST_KEY_UISupportedInterfaceOrientations_iPad = "UIInterfaceOrientationPortrait UIInterfaceOrientationPortraitUpsideDown UIInterfaceOrientationLandscapeLeft UIInterfaceOrientationLandscapeRight";
				INFOPLIST_KEY_UISupportedInterfaceOrientations_iPhone = "UIInterfaceOrientationPortrait UIInterfaceOrientationLandscapeLeft UIInterfaceOrientationLandscapeRight";
				LD_RUNPATH_SEARCH_PATHS = (
					"$(inherited)",
					"@executable_path/Frameworks",
				);
				MARKETING_VERSION = 1.0;
				PRODUCT_BUNDLE_IDENTIFIER = Hardsys.MinhasTarefasAPP;
				PRODUCT_NAME = "$(TARGET_NAME)";
				SWIFT_EMIT_LOC_STRINGS = YES;
				SWIFT_VERSION = 5.0;
				TARGETED_DEVICE_FAMILY = "1,2";
			};
			name = Release;
		};
		AC1E8F0F29E98F3900D8A130 /* Debug */ = {
			isa = XCBuildConfiguration;
			buildSettings = {
				ALWAYS_EMBED_SWIFT_STANDARD_LIBRARIES = YES;
				BUNDLE_LOADER = "$(TEST_HOST)";
				CODE_SIGN_STYLE = Automatic;
				CURRENT_PROJECT_VERSION = 1;
				GENERATE_INFOPLIST_FILE = YES;
				IPHONEOS_DEPLOYMENT_TARGET = 16.2;
				MARKETING_VERSION = 1.0;
				PRODUCT_BUNDLE_IDENTIFIER = Hardsys.MinhasTarefasAPPTests;
				PRODUCT_NAME = "$(TARGET_NAME)";
				SWIFT_EMIT_LOC_STRINGS = NO;
				SWIFT_VERSION = 5.0;
				TARGETED_DEVICE_FAMILY = "1,2";
				TEST_HOST = "$(BUILT_PRODUCTS_DIR)/MinhasTarefasAPP.app/$(BUNDLE_EXECUTABLE_FOLDER_PATH)/MinhasTarefasAPP";
			};
			name = Debug;
		};
		AC1E8F1029E98F3900D8A130 /* Release */ = {
			isa = XCBuildConfiguration;
			buildSettings = {
				ALWAYS_EMBED_SWIFT_STANDARD_LIBRARIES = YES;
				BUNDLE_LOADER = "$(TEST_HOST)";
				CODE_SIGN_STYLE = Automatic;
				CURRENT_PROJECT_VERSION = 1;
				GENERATE_INFOPLIST_FILE = YES;
				IPHONEOS_DEPLOYMENT_TARGET = 16.2;
				MARKETING_VERSION = 1.0;
				PRODUCT_BUNDLE_IDENTIFIER = Hardsys.MinhasTarefasAPPTests;
				PRODUCT_NAME = "$(TARGET_NAME)";
				SWIFT_EMIT_LOC_STRINGS = NO;
				SWIFT_VERSION = 5.0;
				TARGETED_DEVICE_FAMILY = "1,2";
				TEST_HOST = "$(BUILT_PRODUCTS_DIR)/MinhasTarefasAPP.app/$(BUNDLE_EXECUTABLE_FOLDER_PATH)/MinhasTarefasAPP";
			};
			name = Release;
		};
		AC1E8F1229E98F3900D8A130 /* Debug */ = {
			isa = XCBuildConfiguration;
			buildSettings = {
				ALWAYS_EMBED_SWIFT_STANDARD_LIBRARIES = YES;
				CODE_SIGN_STYLE = Automatic;
				CURRENT_PROJECT_VERSION = 1;
				GENERATE_INFOPLIST_FILE = YES;
				MARKETING_VERSION = 1.0;
				PRODUCT_BUNDLE_IDENTIFIER = Hardsys.MinhasTarefasAPPUITests;
				PRODUCT_NAME = "$(TARGET_NAME)";
				SWIFT_EMIT_LOC_STRINGS = NO;
				SWIFT_VERSION = 5.0;
				TARGETED_DEVICE_FAMILY = "1,2";
				TEST_TARGET_NAME = MinhasTarefasAPP;
			};
			name = Debug;
		};
		AC1E8F1329E98F3900D8A130 /* Release */ = {
			isa = XCBuildConfiguration;
			buildSettings = {
				ALWAYS_EMBED_SWIFT_STANDARD_LIBRARIES = YES;
				CODE_SIGN_STYLE = Automatic;
				CURRENT_PROJECT_VERSION = 1;
				GENERATE_INFOPLIST_FILE = YES;
				MARKETING_VERSION = 1.0;
				PRODUCT_BUNDLE_IDENTIFIER = Hardsys.MinhasTarefasAPPUITests;
				PRODUCT_NAME = "$(TARGET_NAME)";
				SWIFT_EMIT_LOC_STRINGS = NO;
				SWIFT_VERSION = 5.0;
				TARGETED_DEVICE_FAMILY = "1,2";
				TEST_TARGET_NAME = MinhasTarefasAPP;
			};
			name = Release;
		};
/* End XCBuildConfiguration section */

/* Begin XCConfigurationList section */
		AC1E8EDC29E98F3800D8A130 /* Build configuration list for PBXProject "MinhasTarefasAPP" */ = {
			isa = XCConfigurationList;
			buildConfigurations = (
				AC1E8F0929E98F3900D8A130 /* Debug */,
				AC1E8F0A29E98F3900D8A130 /* Release */,
			);
			defaultConfigurationIsVisible = 0;
			defaultConfigurationName = Release;
		};
		AC1E8F0B29E98F3900D8A130 /* Build configuration list for PBXNativeTarget "MinhasTarefasAPP" */ = {
			isa = XCConfigurationList;
			buildConfigurations = (
				AC1E8F0C29E98F3900D8A130 /* Debug */,
				AC1E8F0D29E98F3900D8A130 /* Release */,
			);
			defaultConfigurationIsVisible = 0;
			defaultConfigurationName = Release;
		};
		AC1E8F0E29E98F3900D8A130 /* Build configuration list for PBXNativeTarget "MinhasTarefasAPPTests" */ = {
			isa = XCConfigurationList;
			buildConfigurations = (
				AC1E8F0F29E98F3900D8A130 /* Debug */,
				AC1E8F1029E98F3900D8A130 /* Release */,
			);
			defaultConfigurationIsVisible = 0;
			defaultConfigurationName = Release;
		};
		AC1E8F1129E98F3900D8A130 /* Build configuration list for PBXNativeTarget "MinhasTarefasAPPUITests" */ = {
			isa = XCConfigurationList;
			buildConfigurations = (
				AC1E8F1229E98F3900D8A130 /* Debug */,
				AC1E8F1329E98F3900D8A130 /* Release */,
			);
			defaultConfigurationIsVisible = 0;
			defaultConfigurationName = Release;
		};
/* End XCConfigurationList section */
	};
	rootObject = AC1E8ED929E98F3800D8A130 /* Project object */;
}
